
Microsoft Visual Studio Solution File, Format Version 12.00
# Visual Studio Version 17
VisualStudioVersion = 17.9.34714.143
MinimumVisualStudioVersion = 10.0.40219.1
Project("{2150E333-8FDC-42A3-9474-1A3956D46DE8}") = "1. Programmers", "1. Programmers", "{65769C0A-9298-4D04-9BCC-53E29719C91E}"
EndProject
Project("{2150E333-8FDC-42A3-9474-1A3956D46DE8}") = "2024.07_1Week", "2024.07_1Week", "{160F22E2-F26E-46DB-92AD-61CFCF3BAA0F}"
EndProject
Project("{2150E333-8FDC-42A3-9474-1A3956D46DE8}") = "2024.07_2Week", "2024.07_2Week", "{F06B4127-92BB-4518-ACE6-5A08CAA278FA}"
EndProject
Project("{8BC9CEB8-8B4A-11D0-8D11-00A0C91BC942}") = "12977", "12977\12977.vcxproj", "{2BFDD093-D5C3-4B2F-8075-3ACC10F0A0D7}"
EndProject
Project("{8BC9CEB8-8B4A-11D0-8D11-00A0C91BC942}") = "131128", "131128\131128.vcxproj", "{A0EED977-2959-4B15-9C60-7B83900D9B8B}"
EndProject
Project("{8BC9CEB8-8B4A-11D0-8D11-00A0C91BC942}") = "136789", "136789\136789.vcxproj", "{9C46E2A0-4B3D-4CAD-A64F-540D7F1D93F6}"
EndProject
Project("{8BC9CEB8-8B4A-11D0-8D11-00A0C91BC942}") = "155652", "155652\155652.vcxproj", "{7535D7A7-1E7E-4C9F-8284-D1E4D6DC48ED}"
EndProject
Project("{2150E333-8FDC-42A3-9474-1A3956D46DE8}") = "Timer", "Timer", "{3EC8A4BB-B8A5-408C-BF63-6DF431512CB9}"
EndProject
Project("{8BC9CEB8-8B4A-11D0-8D11-00A0C91BC942}") = "Timer", "Timer\Timer.vcxproj", "{47FCD520-3C29-46C4-B57D-C9F94D563319}"
	ProjectSection(ProjectDependencies) = postProject
		{2BFDD093-D5C3-4B2F-8075-3ACC10F0A0D7} = {2BFDD093-D5C3-4B2F-8075-3ACC10F0A0D7}
		{7535D7A7-1E7E-4C9F-8284-D1E4D6DC48ED} = {7535D7A7-1E7E-4C9F-8284-D1E4D6DC48ED}
		{9C46E2A0-4B3D-4CAD-A64F-540D7F1D93F6} = {9C46E2A0-4B3D-4CAD-A64F-540D7F1D93F6}
		{A0EED977-2959-4B15-9C60-7B83900D9B8B} = {A0EED977-2959-4B15-9C60-7B83900D9B8B}
	EndProjectSection
EndProject
Project("{8BC9CEB8-8B4A-11D0-8D11-00A0C91BC942}") = "178871", "178871\178871.vcxproj", "{0CAC514D-1E94-4884-971A-2F2893692E05}"
EndProject
Project("{8BC9CEB8-8B4A-11D0-8D11-00A0C91BC942}") = "12912", "12912\12912.vcxproj", "{05472B2D-C1AC-4024-BB8D-6DD68187D246}"
EndProject
Project("{8BC9CEB8-8B4A-11D0-8D11-00A0C91BC942}") = "138477", "138477\138477.vcxproj", "{60D5F354-6F66-4D4B-B9B2-DC46CC86CDD9}"
EndProject
Project("{8BC9CEB8-8B4A-11D0-8D11-00A0C91BC942}") = "133502", "133502\133502.vcxproj", "{63CBDE00-E29C-4AA7-AF74-C2933C3785BE}"
EndProject
Project("{2150E333-8FDC-42A3-9474-1A3956D46DE8}") = "2024_07_3Week", "2024_07_3Week", "{8EB9097D-FD9B-49EC-A5B0-3FC2E845FDC9}"
EndProject
Project("{8BC9CEB8-8B4A-11D0-8D11-00A0C91BC942}") = "42576", "42576\42576.vcxproj", "{53BABA20-F0C5-4E61-9C4A-A185959F32FC}"
EndProject
Project("{8BC9CEB8-8B4A-11D0-8D11-00A0C91BC942}") = "132267", "132267\132267.vcxproj", "{8757EE60-DF65-419D-8395-C7A08BE81779}"
EndProject
Project("{8BC9CEB8-8B4A-11D0-8D11-00A0C91BC942}") = "12943", "12943\12943.vcxproj", "{6351EF39-4978-4EAA-A2BF-8727238316E3}"
EndProject
Project("{8BC9CEB8-8B4A-11D0-8D11-00A0C91BC942}") = "12922", "12922\12922.vcxproj", "{84140FF2-8B35-40D3-A079-CCCC60075DF9}"
EndProject
Project("{2150E333-8FDC-42A3-9474-1A3956D46DE8}") = "2024_07_4Week", "2024_07_4Week", "{0C6CD839-93FC-4896-BC3D-8ED0DC1EFD9B}"
EndProject
Project("{8BC9CEB8-8B4A-11D0-8D11-00A0C91BC942}") = "12901", "12901\12901.vcxproj", "{401C2F40-6F03-4586-A865-C3CE57C1CBAB}"
EndProject
Project("{8BC9CEB8-8B4A-11D0-8D11-00A0C91BC942}") = "1845", "1845\1845.vcxproj", "{76846E00-60BD-4D27-975B-C7F82664A7B8}"
EndProject
Project("{8BC9CEB8-8B4A-11D0-8D11-00A0C91BC942}") = "67256", "67256\67256.vcxproj", "{487AFE1C-A0D4-4C8B-8CF2-6158BA93CE25}"
EndProject
Project("{8BC9CEB8-8B4A-11D0-8D11-00A0C91BC942}") = "134240", "134240\134240.vcxproj", "{009EED24-AEBE-4A5B-8BF8-553A9839A8F4}"
EndProject
Project("{2150E333-8FDC-42A3-9474-1A3956D46DE8}") = "2024_07_5Week", "2024_07_5Week", "{663BC9BB-01D7-470B-9CA8-79C380FE5E58}"
EndProject
Project("{8BC9CEB8-8B4A-11D0-8D11-00A0C91BC942}") = "86491", "86491\86491.vcxproj", "{582D3E72-4837-4B39-931F-040C86417E15}"
EndProject
Project("{8BC9CEB8-8B4A-11D0-8D11-00A0C91BC942}") = "159994", "159994\159994.vcxproj", "{958BC16A-5B85-42F2-9B9C-00C13DFA9A56}"
EndProject
Project("{8BC9CEB8-8B4A-11D0-8D11-00A0C91BC942}") = "135808", "135808\135808.vcxproj", "{B269B605-47ED-4B83-A334-422A8804D226}"
EndProject
Project("{8BC9CEB8-8B4A-11D0-8D11-00A0C91BC942}") = "81301", "81301\81301.vcxproj", "{88D9F981-D7C7-4C38-974F-99A62B4649F8}"
EndProject
Project("{2150E333-8FDC-42A3-9474-1A3956D46DE8}") = "2024.07", "2024.07", "{41381B86-13CA-4999-BB38-8B082734ED2D}"
EndProject
Project("{2150E333-8FDC-42A3-9474-1A3956D46DE8}") = "2024_08", "2024_08", "{3813C973-F6EF-4736-AC1B-A70E2DDD1665}"
EndProject
Project("{2150E333-8FDC-42A3-9474-1A3956D46DE8}") = "2024.08_1Week", "2024.08_1Week", "{AA3F216B-6B1E-4B5D-BF2E-03356F663267}"
EndProject
Project("{8BC9CEB8-8B4A-11D0-8D11-00A0C91BC942}") = "92334", "92334\92334.vcxproj", "{145E01B6-195D-48BB-B8AF-C793B86F5515}"
EndProject
Global
	GlobalSection(SolutionConfigurationPlatforms) = preSolution
		Debug|x64 = Debug|x64
		Debug|x86 = Debug|x86
		Release|x64 = Release|x64
		Release|x86 = Release|x86
	EndGlobalSection
	GlobalSection(ProjectConfigurationPlatforms) = postSolution
		{2BFDD093-D5C3-4B2F-8075-3ACC10F0A0D7}.Debug|x64.ActiveCfg = Debug|x64
		{2BFDD093-D5C3-4B2F-8075-3ACC10F0A0D7}.Debug|x64.Build.0 = Debug|x64
		{2BFDD093-D5C3-4B2F-8075-3ACC10F0A0D7}.Debug|x86.ActiveCfg = Debug|Win32
		{2BFDD093-D5C3-4B2F-8075-3ACC10F0A0D7}.Debug|x86.Build.0 = Debug|Win32
		{2BFDD093-D5C3-4B2F-8075-3ACC10F0A0D7}.Release|x64.ActiveCfg = Release|x64
		{2BFDD093-D5C3-4B2F-8075-3ACC10F0A0D7}.Release|x64.Build.0 = Release|x64
		{2BFDD093-D5C3-4B2F-8075-3ACC10F0A0D7}.Release|x86.ActiveCfg = Release|Win32
		{2BFDD093-D5C3-4B2F-8075-3ACC10F0A0D7}.Release|x86.Build.0 = Release|Win32
		{A0EED977-2959-4B15-9C60-7B83900D9B8B}.Debug|x64.ActiveCfg = Debug|x64
		{A0EED977-2959-4B15-9C60-7B83900D9B8B}.Debug|x64.Build.0 = Debug|x64
		{A0EED977-2959-4B15-9C60-7B83900D9B8B}.Debug|x86.ActiveCfg = Debug|Win32
		{A0EED977-2959-4B15-9C60-7B83900D9B8B}.Debug|x86.Build.0 = Debug|Win32
		{A0EED977-2959-4B15-9C60-7B83900D9B8B}.Release|x64.ActiveCfg = Release|x64
		{A0EED977-2959-4B15-9C60-7B83900D9B8B}.Release|x64.Build.0 = Release|x64
		{A0EED977-2959-4B15-9C60-7B83900D9B8B}.Release|x86.ActiveCfg = Release|Win32
		{A0EED977-2959-4B15-9C60-7B83900D9B8B}.Release|x86.Build.0 = Release|Win32
		{9C46E2A0-4B3D-4CAD-A64F-540D7F1D93F6}.Debug|x64.ActiveCfg = Debug|x64
		{9C46E2A0-4B3D-4CAD-A64F-540D7F1D93F6}.Debug|x64.Build.0 = Debug|x64
		{9C46E2A0-4B3D-4CAD-A64F-540D7F1D93F6}.Debug|x86.ActiveCfg = Debug|Win32
		{9C46E2A0-4B3D-4CAD-A64F-540D7F1D93F6}.Debug|x86.Build.0 = Debug|Win32
		{9C46E2A0-4B3D-4CAD-A64F-540D7F1D93F6}.Release|x64.ActiveCfg = Release|x64
		{9C46E2A0-4B3D-4CAD-A64F-540D7F1D93F6}.Release|x64.Build.0 = Release|x64
		{9C46E2A0-4B3D-4CAD-A64F-540D7F1D93F6}.Release|x86.ActiveCfg = Release|Win32
		{9C46E2A0-4B3D-4CAD-A64F-540D7F1D93F6}.Release|x86.Build.0 = Release|Win32
		{7535D7A7-1E7E-4C9F-8284-D1E4D6DC48ED}.Debug|x64.ActiveCfg = Debug|x64
		{7535D7A7-1E7E-4C9F-8284-D1E4D6DC48ED}.Debug|x64.Build.0 = Debug|x64
		{7535D7A7-1E7E-4C9F-8284-D1E4D6DC48ED}.Debug|x86.ActiveCfg = Debug|Win32
		{7535D7A7-1E7E-4C9F-8284-D1E4D6DC48ED}.Debug|x86.Build.0 = Debug|Win32
		{7535D7A7-1E7E-4C9F-8284-D1E4D6DC48ED}.Release|x64.ActiveCfg = Release|x64
		{7535D7A7-1E7E-4C9F-8284-D1E4D6DC48ED}.Release|x64.Build.0 = Release|x64
		{7535D7A7-1E7E-4C9F-8284-D1E4D6DC48ED}.Release|x86.ActiveCfg = Release|Win32
		{7535D7A7-1E7E-4C9F-8284-D1E4D6DC48ED}.Release|x86.Build.0 = Release|Win32
		{47FCD520-3C29-46C4-B57D-C9F94D563319}.Debug|x64.ActiveCfg = Debug|x64
		{47FCD520-3C29-46C4-B57D-C9F94D563319}.Debug|x64.Build.0 = Debug|x64
		{47FCD520-3C29-46C4-B57D-C9F94D563319}.Debug|x86.ActiveCfg = Debug|Win32
		{47FCD520-3C29-46C4-B57D-C9F94D563319}.Debug|x86.Build.0 = Debug|Win32
		{47FCD520-3C29-46C4-B57D-C9F94D563319}.Release|x64.ActiveCfg = Release|x64
		{47FCD520-3C29-46C4-B57D-C9F94D563319}.Release|x64.Build.0 = Release|x64
		{47FCD520-3C29-46C4-B57D-C9F94D563319}.Release|x86.ActiveCfg = Release|Win32
		{47FCD520-3C29-46C4-B57D-C9F94D563319}.Release|x86.Build.0 = Release|Win32
		{0CAC514D-1E94-4884-971A-2F2893692E05}.Debug|x64.ActiveCfg = Debug|x64
		{0CAC514D-1E94-4884-971A-2F2893692E05}.Debug|x64.Build.0 = Debug|x64
		{0CAC514D-1E94-4884-971A-2F2893692E05}.Debug|x86.ActiveCfg = Debug|Win32
		{0CAC514D-1E94-4884-971A-2F2893692E05}.Debug|x86.Build.0 = Debug|Win32
		{0CAC514D-1E94-4884-971A-2F2893692E05}.Release|x64.ActiveCfg = Release|x64
		{0CAC514D-1E94-4884-971A-2F2893692E05}.Release|x64.Build.0 = Release|x64
		{0CAC514D-1E94-4884-971A-2F2893692E05}.Release|x86.ActiveCfg = Release|Win32
		{0CAC514D-1E94-4884-971A-2F2893692E05}.Release|x86.Build.0 = Release|Win32
		{05472B2D-C1AC-4024-BB8D-6DD68187D246}.Debug|x64.ActiveCfg = Debug|x64
		{05472B2D-C1AC-4024-BB8D-6DD68187D246}.Debug|x64.Build.0 = Debug|x64
		{05472B2D-C1AC-4024-BB8D-6DD68187D246}.Debug|x86.ActiveCfg = Debug|Win32
		{05472B2D-C1AC-4024-BB8D-6DD68187D246}.Debug|x86.Build.0 = Debug|Win32
		{05472B2D-C1AC-4024-BB8D-6DD68187D246}.Release|x64.ActiveCfg = Release|x64
		{05472B2D-C1AC-4024-BB8D-6DD68187D246}.Release|x64.Build.0 = Release|x64
		{05472B2D-C1AC-4024-BB8D-6DD68187D246}.Release|x86.ActiveCfg = Release|Win32
		{05472B2D-C1AC-4024-BB8D-6DD68187D246}.Release|x86.Build.0 = Release|Win32
		{60D5F354-6F66-4D4B-B9B2-DC46CC86CDD9}.Debug|x64.ActiveCfg = Debug|x64
		{60D5F354-6F66-4D4B-B9B2-DC46CC86CDD9}.Debug|x64.Build.0 = Debug|x64
		{60D5F354-6F66-4D4B-B9B2-DC46CC86CDD9}.Debug|x86.ActiveCfg = Debug|Win32
		{60D5F354-6F66-4D4B-B9B2-DC46CC86CDD9}.Debug|x86.Build.0 = Debug|Win32
		{60D5F354-6F66-4D4B-B9B2-DC46CC86CDD9}.Release|x64.ActiveCfg = Release|x64
		{60D5F354-6F66-4D4B-B9B2-DC46CC86CDD9}.Release|x64.Build.0 = Release|x64
		{60D5F354-6F66-4D4B-B9B2-DC46CC86CDD9}.Release|x86.ActiveCfg = Release|Win32
		{60D5F354-6F66-4D4B-B9B2-DC46CC86CDD9}.Release|x86.Build.0 = Release|Win32
		{63CBDE00-E29C-4AA7-AF74-C2933C3785BE}.Debug|x64.ActiveCfg = Debug|x64
		{63CBDE00-E29C-4AA7-AF74-C2933C3785BE}.Debug|x64.Build.0 = Debug|x64
		{63CBDE00-E29C-4AA7-AF74-C2933C3785BE}.Debug|x86.ActiveCfg = Debug|Win32
		{63CBDE00-E29C-4AA7-AF74-C2933C3785BE}.Debug|x86.Build.0 = Debug|Win32
		{63CBDE00-E29C-4AA7-AF74-C2933C3785BE}.Release|x64.ActiveCfg = Release|x64
		{63CBDE00-E29C-4AA7-AF74-C2933C3785BE}.Release|x64.Build.0 = Release|x64
		{63CBDE00-E29C-4AA7-AF74-C2933C3785BE}.Release|x86.ActiveCfg = Release|Win32
		{63CBDE00-E29C-4AA7-AF74-C2933C3785BE}.Release|x86.Build.0 = Release|Win32
		{53BABA20-F0C5-4E61-9C4A-A185959F32FC}.Debug|x64.ActiveCfg = Debug|x64
		{53BABA20-F0C5-4E61-9C4A-A185959F32FC}.Debug|x64.Build.0 = Debug|x64
		{53BABA20-F0C5-4E61-9C4A-A185959F32FC}.Debug|x86.ActiveCfg = Debug|Win32
		{53BABA20-F0C5-4E61-9C4A-A185959F32FC}.Debug|x86.Build.0 = Debug|Win32
		{53BABA20-F0C5-4E61-9C4A-A185959F32FC}.Release|x64.ActiveCfg = Release|x64
		{53BABA20-F0C5-4E61-9C4A-A185959F32FC}.Release|x64.Build.0 = Release|x64
		{53BABA20-F0C5-4E61-9C4A-A185959F32FC}.Release|x86.ActiveCfg = Release|Win32
		{53BABA20-F0C5-4E61-9C4A-A185959F32FC}.Release|x86.Build.0 = Release|Win32
		{8757EE60-DF65-419D-8395-C7A08BE81779}.Debug|x64.ActiveCfg = Debug|x64
		{8757EE60-DF65-419D-8395-C7A08BE81779}.Debug|x64.Build.0 = Debug|x64
		{8757EE60-DF65-419D-8395-C7A08BE81779}.Debug|x86.ActiveCfg = Debug|Win32
		{8757EE60-DF65-419D-8395-C7A08BE81779}.Debug|x86.Build.0 = Debug|Win32
		{8757EE60-DF65-419D-8395-C7A08BE81779}.Release|x64.ActiveCfg = Release|x64
		{8757EE60-DF65-419D-8395-C7A08BE81779}.Release|x64.Build.0 = Release|x64
		{8757EE60-DF65-419D-8395-C7A08BE81779}.Release|x86.ActiveCfg = Release|Win32
		{8757EE60-DF65-419D-8395-C7A08BE81779}.Release|x86.Build.0 = Release|Win32
		{6351EF39-4978-4EAA-A2BF-8727238316E3}.Debug|x64.ActiveCfg = Debug|x64
		{6351EF39-4978-4EAA-A2BF-8727238316E3}.Debug|x64.Build.0 = Debug|x64
		{6351EF39-4978-4EAA-A2BF-8727238316E3}.Debug|x86.ActiveCfg = Debug|Win32
		{6351EF39-4978-4EAA-A2BF-8727238316E3}.Debug|x86.Build.0 = Debug|Win32
		{6351EF39-4978-4EAA-A2BF-8727238316E3}.Release|x64.ActiveCfg = Release|x64
		{6351EF39-4978-4EAA-A2BF-8727238316E3}.Release|x64.Build.0 = Release|x64
		{6351EF39-4978-4EAA-A2BF-8727238316E3}.Release|x86.ActiveCfg = Release|Win32
		{6351EF39-4978-4EAA-A2BF-8727238316E3}.Release|x86.Build.0 = Release|Win32
		{84140FF2-8B35-40D3-A079-CCCC60075DF9}.Debug|x64.ActiveCfg = Debug|x64
		{84140FF2-8B35-40D3-A079-CCCC60075DF9}.Debug|x64.Build.0 = Debug|x64
		{84140FF2-8B35-40D3-A079-CCCC60075DF9}.Debug|x86.ActiveCfg = Debug|Win32
		{84140FF2-8B35-40D3-A079-CCCC60075DF9}.Debug|x86.Build.0 = Debug|Win32
		{84140FF2-8B35-40D3-A079-CCCC60075DF9}.Release|x64.ActiveCfg = Release|x64
		{84140FF2-8B35-40D3-A079-CCCC60075DF9}.Release|x64.Build.0 = Release|x64
		{84140FF2-8B35-40D3-A079-CCCC60075DF9}.Release|x86.ActiveCfg = Release|Win32
		{84140FF2-8B35-40D3-A079-CCCC60075DF9}.Release|x86.Build.0 = Release|Win32
		{401C2F40-6F03-4586-A865-C3CE57C1CBAB}.Debug|x64.ActiveCfg = Debug|x64
		{401C2F40-6F03-4586-A865-C3CE57C1CBAB}.Debug|x64.Build.0 = Debug|x64
		{401C2F40-6F03-4586-A865-C3CE57C1CBAB}.Debug|x86.ActiveCfg = Debug|Win32
		{401C2F40-6F03-4586-A865-C3CE57C1CBAB}.Debug|x86.Build.0 = Debug|Win32
		{401C2F40-6F03-4586-A865-C3CE57C1CBAB}.Release|x64.ActiveCfg = Release|x64
		{401C2F40-6F03-4586-A865-C3CE57C1CBAB}.Release|x64.Build.0 = Release|x64
		{401C2F40-6F03-4586-A865-C3CE57C1CBAB}.Release|x86.ActiveCfg = Release|Win32
		{401C2F40-6F03-4586-A865-C3CE57C1CBAB}.Release|x86.Build.0 = Release|Win32
		{76846E00-60BD-4D27-975B-C7F82664A7B8}.Debug|x64.ActiveCfg = Debug|x64
		{76846E00-60BD-4D27-975B-C7F82664A7B8}.Debug|x64.Build.0 = Debug|x64
		{76846E00-60BD-4D27-975B-C7F82664A7B8}.Debug|x86.ActiveCfg = Debug|Win32
		{76846E00-60BD-4D27-975B-C7F82664A7B8}.Debug|x86.Build.0 = Debug|Win32
		{76846E00-60BD-4D27-975B-C7F82664A7B8}.Release|x64.ActiveCfg = Release|x64
		{76846E00-60BD-4D27-975B-C7F82664A7B8}.Release|x64.Build.0 = Release|x64
		{76846E00-60BD-4D27-975B-C7F82664A7B8}.Release|x86.ActiveCfg = Release|Win32
		{76846E00-60BD-4D27-975B-C7F82664A7B8}.Release|x86.Build.0 = Release|Win32
		{487AFE1C-A0D4-4C8B-8CF2-6158BA93CE25}.Debug|x64.ActiveCfg = Debug|x64
		{487AFE1C-A0D4-4C8B-8CF2-6158BA93CE25}.Debug|x64.Build.0 = Debug|x64
		{487AFE1C-A0D4-4C8B-8CF2-6158BA93CE25}.Debug|x86.ActiveCfg = Debug|Win32
		{487AFE1C-A0D4-4C8B-8CF2-6158BA93CE25}.Debug|x86.Build.0 = Debug|Win32
		{487AFE1C-A0D4-4C8B-8CF2-6158BA93CE25}.Release|x64.ActiveCfg = Release|x64
		{487AFE1C-A0D4-4C8B-8CF2-6158BA93CE25}.Release|x64.Build.0 = Release|x64
		{487AFE1C-A0D4-4C8B-8CF2-6158BA93CE25}.Release|x86.ActiveCfg = Release|Win32
		{487AFE1C-A0D4-4C8B-8CF2-6158BA93CE25}.Release|x86.Build.0 = Release|Win32
		{009EED24-AEBE-4A5B-8BF8-553A9839A8F4}.Debug|x64.ActiveCfg = Debug|x64
		{009EED24-AEBE-4A5B-8BF8-553A9839A8F4}.Debug|x64.Build.0 = Debug|x64
		{009EED24-AEBE-4A5B-8BF8-553A9839A8F4}.Debug|x86.ActiveCfg = Debug|Win32
		{009EED24-AEBE-4A5B-8BF8-553A9839A8F4}.Debug|x86.Build.0 = Debug|Win32
		{009EED24-AEBE-4A5B-8BF8-553A9839A8F4}.Release|x64.ActiveCfg = Release|x64
		{009EED24-AEBE-4A5B-8BF8-553A9839A8F4}.Release|x64.Build.0 = Release|x64
		{009EED24-AEBE-4A5B-8BF8-553A9839A8F4}.Release|x86.ActiveCfg = Release|Win32
		{009EED24-AEBE-4A5B-8BF8-553A9839A8F4}.Release|x86.Build.0 = Release|Win32
		{582D3E72-4837-4B39-931F-040C86417E15}.Debug|x64.ActiveCfg = Debug|x64
		{582D3E72-4837-4B39-931F-040C86417E15}.Debug|x64.Build.0 = Debug|x64
		{582D3E72-4837-4B39-931F-040C86417E15}.Debug|x86.ActiveCfg = Debug|Win32
		{582D3E72-4837-4B39-931F-040C86417E15}.Debug|x86.Build.0 = Debug|Win32
		{582D3E72-4837-4B39-931F-040C86417E15}.Release|x64.ActiveCfg = Release|x64
		{582D3E72-4837-4B39-931F-040C86417E15}.Release|x64.Build.0 = Release|x64
		{582D3E72-4837-4B39-931F-040C86417E15}.Release|x86.ActiveCfg = Release|Win32
		{582D3E72-4837-4B39-931F-040C86417E15}.Release|x86.Build.0 = Release|Win32
		{958BC16A-5B85-42F2-9B9C-00C13DFA9A56}.Debug|x64.ActiveCfg = Debug|x64
		{958BC16A-5B85-42F2-9B9C-00C13DFA9A56}.Debug|x64.Build.0 = Debug|x64
		{958BC16A-5B85-42F2-9B9C-00C13DFA9A56}.Debug|x86.ActiveCfg = Debug|Win32
		{958BC16A-5B85-42F2-9B9C-00C13DFA9A56}.Debug|x86.Build.0 = Debug|Win32
		{958BC16A-5B85-42F2-9B9C-00C13DFA9A56}.Release|x64.ActiveCfg = Release|x64
		{958BC16A-5B85-42F2-9B9C-00C13DFA9A56}.Release|x64.Build.0 = Release|x64
		{958BC16A-5B85-42F2-9B9C-00C13DFA9A56}.Release|x86.ActiveCfg = Release|Win32
		{958BC16A-5B85-42F2-9B9C-00C13DFA9A56}.Release|x86.Build.0 = Release|Win32
		{B269B605-47ED-4B83-A334-422A8804D226}.Debug|x64.ActiveCfg = Debug|x64
		{B269B605-47ED-4B83-A334-422A8804D226}.Debug|x64.Build.0 = Debug|x64
		{B269B605-47ED-4B83-A334-422A8804D226}.Debug|x86.ActiveCfg = Debug|Win32
		{B269B605-47ED-4B83-A334-422A8804D226}.Debug|x86.Build.0 = Debug|Win32
		{B269B605-47ED-4B83-A334-422A8804D226}.Release|x64.ActiveCfg = Release|x64
		{B269B605-47ED-4B83-A334-422A8804D226}.Release|x64.Build.0 = Release|x64
		{B269B605-47ED-4B83-A334-422A8804D226}.Release|x86.ActiveCfg = Release|Win32
		{B269B605-47ED-4B83-A334-422A8804D226}.Release|x86.Build.0 = Release|Win32
		{88D9F981-D7C7-4C38-974F-99A62B4649F8}.Debug|x64.ActiveCfg = Debug|x64
		{88D9F981-D7C7-4C38-974F-99A62B4649F8}.Debug|x64.Build.0 = Debug|x64
		{88D9F981-D7C7-4C38-974F-99A62B4649F8}.Debug|x86.ActiveCfg = Debug|Win32
		{88D9F981-D7C7-4C38-974F-99A62B4649F8}.Debug|x86.Build.0 = Debug|Win32
		{88D9F981-D7C7-4C38-974F-99A62B4649F8}.Release|x64.ActiveCfg = Release|x64
		{88D9F981-D7C7-4C38-974F-99A62B4649F8}.Release|x64.Build.0 = Release|x64
		{88D9F981-D7C7-4C38-974F-99A62B4649F8}.Release|x86.ActiveCfg = Release|Win32
		{88D9F981-D7C7-4C38-974F-99A62B4649F8}.Release|x86.Build.0 = Release|Win32
		{145E01B6-195D-48BB-B8AF-C793B86F5515}.Debug|x64.ActiveCfg = Debug|x64
		{145E01B6-195D-48BB-B8AF-C793B86F5515}.Debug|x64.Build.0 = Debug|x64
		{145E01B6-195D-48BB-B8AF-C793B86F5515}.Debug|x86.ActiveCfg = Debug|Win32
		{145E01B6-195D-48BB-B8AF-C793B86F5515}.Debug|x86.Build.0 = Debug|Win32
		{145E01B6-195D-48BB-B8AF-C793B86F5515}.Release|x64.ActiveCfg = Release|x64
		{145E01B6-195D-48BB-B8AF-C793B86F5515}.Release|x64.Build.0 = Release|x64
		{145E01B6-195D-48BB-B8AF-C793B86F5515}.Release|x86.ActiveCfg = Release|Win32
		{145E01B6-195D-48BB-B8AF-C793B86F5515}.Release|x86.Build.0 = Release|Win32
	EndGlobalSection
	GlobalSection(SolutionProperties) = preSolution
		HideSolutionNode = FALSE
	EndGlobalSection
	GlobalSection(NestedProjects) = preSolution
		{160F22E2-F26E-46DB-92AD-61CFCF3BAA0F} = {41381B86-13CA-4999-BB38-8B082734ED2D}
		{F06B4127-92BB-4518-ACE6-5A08CAA278FA} = {41381B86-13CA-4999-BB38-8B082734ED2D}
		{2BFDD093-D5C3-4B2F-8075-3ACC10F0A0D7} = {160F22E2-F26E-46DB-92AD-61CFCF3BAA0F}
		{A0EED977-2959-4B15-9C60-7B83900D9B8B} = {160F22E2-F26E-46DB-92AD-61CFCF3BAA0F}
		{9C46E2A0-4B3D-4CAD-A64F-540D7F1D93F6} = {160F22E2-F26E-46DB-92AD-61CFCF3BAA0F}
		{7535D7A7-1E7E-4C9F-8284-D1E4D6DC48ED} = {160F22E2-F26E-46DB-92AD-61CFCF3BAA0F}
		{47FCD520-3C29-46C4-B57D-C9F94D563319} = {3EC8A4BB-B8A5-408C-BF63-6DF431512CB9}
		{0CAC514D-1E94-4884-971A-2F2893692E05} = {F06B4127-92BB-4518-ACE6-5A08CAA278FA}
		{05472B2D-C1AC-4024-BB8D-6DD68187D246} = {F06B4127-92BB-4518-ACE6-5A08CAA278FA}
		{60D5F354-6F66-4D4B-B9B2-DC46CC86CDD9} = {F06B4127-92BB-4518-ACE6-5A08CAA278FA}
		{63CBDE00-E29C-4AA7-AF74-C2933C3785BE} = {F06B4127-92BB-4518-ACE6-5A08CAA278FA}
		{8EB9097D-FD9B-49EC-A5B0-3FC2E845FDC9} = {41381B86-13CA-4999-BB38-8B082734ED2D}
		{53BABA20-F0C5-4E61-9C4A-A185959F32FC} = {8EB9097D-FD9B-49EC-A5B0-3FC2E845FDC9}
		{8757EE60-DF65-419D-8395-C7A08BE81779} = {8EB9097D-FD9B-49EC-A5B0-3FC2E845FDC9}
		{6351EF39-4978-4EAA-A2BF-8727238316E3} = {8EB9097D-FD9B-49EC-A5B0-3FC2E845FDC9}
		{84140FF2-8B35-40D3-A079-CCCC60075DF9} = {8EB9097D-FD9B-49EC-A5B0-3FC2E845FDC9}
		{0C6CD839-93FC-4896-BC3D-8ED0DC1EFD9B} = {41381B86-13CA-4999-BB38-8B082734ED2D}
		{401C2F40-6F03-4586-A865-C3CE57C1CBAB} = {0C6CD839-93FC-4896-BC3D-8ED0DC1EFD9B}
		{76846E00-60BD-4D27-975B-C7F82664A7B8} = {0C6CD839-93FC-4896-BC3D-8ED0DC1EFD9B}
		{487AFE1C-A0D4-4C8B-8CF2-6158BA93CE25} = {0C6CD839-93FC-4896-BC3D-8ED0DC1EFD9B}
		{009EED24-AEBE-4A5B-8BF8-553A9839A8F4} = {0C6CD839-93FC-4896-BC3D-8ED0DC1EFD9B}
		{663BC9BB-01D7-470B-9CA8-79C380FE5E58} = {41381B86-13CA-4999-BB38-8B082734ED2D}
		{582D3E72-4837-4B39-931F-040C86417E15} = {663BC9BB-01D7-470B-9CA8-79C380FE5E58}
		{958BC16A-5B85-42F2-9B9C-00C13DFA9A56} = {663BC9BB-01D7-470B-9CA8-79C380FE5E58}
		{B269B605-47ED-4B83-A334-422A8804D226} = {663BC9BB-01D7-470B-9CA8-79C380FE5E58}
		{88D9F981-D7C7-4C38-974F-99A62B4649F8} = {663BC9BB-01D7-470B-9CA8-79C380FE5E58}
		{41381B86-13CA-4999-BB38-8B082734ED2D} = {65769C0A-9298-4D04-9BCC-53E29719C91E}
		{3813C973-F6EF-4736-AC1B-A70E2DDD1665} = {65769C0A-9298-4D04-9BCC-53E29719C91E}
		{AA3F216B-6B1E-4B5D-BF2E-03356F663267} = {3813C973-F6EF-4736-AC1B-A70E2DDD1665}
		{145E01B6-195D-48BB-B8AF-C793B86F5515} = {AA3F216B-6B1E-4B5D-BF2E-03356F663267}
	EndGlobalSection
	GlobalSection(ExtensibilityGlobals) = postSolution
		SolutionGuid = {2E611C78-3BB1-46FA-8771-162FB71D7841}
	EndGlobalSection
EndGlobal
