
Microsoft Visual Studio Solution File, Format Version 12.00
# Visual Studio Version 17
VisualStudioVersion = 17.9.34714.143
MinimumVisualStudioVersion = 10.0.40219.1
Project("{2150E333-8FDC-42A3-9474-1A3956D46DE8}") = "1. Programmers", "1. Programmers", "{65769C0A-9298-4D04-9BCC-53E29719C91E}"
EndProject
Project("{2150E333-8FDC-42A3-9474-1A3956D46DE8}") = "2024.07_1Week", "2024.07_1Week", "{160F22E2-F26E-46DB-92AD-61CFCF3BAA0F}"
EndProject
Project("{2150E333-8FDC-42A3-9474-1A3956D46DE8}") = "2024.07_2Week", "2024.07_2Week", "{F06B4127-92BB-4518-ACE6-5A08CAA278FA}"
EndProject
Project("{8BC9CEB8-8B4A-11D0-8D11-00A0C91BC942}") = "12977", "12977\12977.vcxproj", "{2BFDD093-D5C3-4B2F-8075-3ACC10F0A0D7}"
EndProject
Project("{8BC9CEB8-8B4A-11D0-8D11-00A0C91BC942}") = "131128", "131128\131128.vcxproj", "{A0EED977-2959-4B15-9C60-7B83900D9B8B}"
EndProject
Project("{8BC9CEB8-8B4A-11D0-8D11-00A0C91BC942}") = "136789", "136789\136789.vcxproj", "{9C46E2A0-4B3D-4CAD-A64F-540D7F1D93F6}"
EndProject
Project("{8BC9CEB8-8B4A-11D0-8D11-00A0C91BC942}") = "155652", "155652\155652.vcxproj", "{7535D7A7-1E7E-4C9F-8284-D1E4D6DC48ED}"
EndProject
Project("{2150E333-8FDC-42A3-9474-1A3956D46DE8}") = "Timer", "Timer", "{3EC8A4BB-B8A5-408C-BF63-6DF431512CB9}"
EndProject
Project("{8BC9CEB8-8B4A-11D0-8D11-00A0C91BC942}") = "Timer", "Timer\Timer.vcxproj", "{47FCD520-3C29-46C4-B57D-C9F94D563319}"
	ProjectSection(ProjectDependencies) = postProject
		{2BFDD093-D5C3-4B2F-8075-3ACC10F0A0D7} = {2BFDD093-D5C3-4B2F-8075-3ACC10F0A0D7}
		{7535D7A7-1E7E-4C9F-8284-D1E4D6DC48ED} = {7535D7A7-1E7E-4C9F-8284-D1E4D6DC48ED}
		{9C46E2A0-4B3D-4CAD-A64F-540D7F1D93F6} = {9C46E2A0-4B3D-4CAD-A64F-540D7F1D93F6}
		{A0EED977-2959-4B15-9C60-7B83900D9B8B} = {A0EED977-2959-4B15-9C60-7B83900D9B8B}
	EndProjectSection
EndProject
Project("{8BC9CEB8-8B4A-11D0-8D11-00A0C91BC942}") = "178871", "178871\178871.vcxproj", "{0CAC514D-1E94-4884-971A-2F2893692E05}"
EndProject
Project("{8BC9CEB8-8B4A-11D0-8D11-00A0C91BC942}") = "12912", "12912\12912.vcxproj", "{05472B2D-C1AC-4024-BB8D-6DD68187D246}"
EndProject
Project("{8BC9CEB8-8B4A-11D0-8D11-00A0C91BC942}") = "138477", "138477\138477.vcxproj", "{60D5F354-6F66-4D4B-B9B2-DC46CC86CDD9}"
EndProject
Project("{8BC9CEB8-8B4A-11D0-8D11-00A0C91BC942}") = "133502", "133502\133502.vcxproj", "{63CBDE00-E29C-4AA7-AF74-C2933C3785BE}"
EndProject
Project("{2150E333-8FDC-42A3-9474-1A3956D46DE8}") = "2024_07_3Week", "2024_07_3Week", "{8EB9097D-FD9B-49EC-A5B0-3FC2E845FDC9}"
EndProject
Project("{8BC9CEB8-8B4A-11D0-8D11-00A0C91BC942}") = "42576", "42576\42576.vcxproj", "{53BABA20-F0C5-4E61-9C4A-A185959F32FC}"
EndProject
Project("{8BC9CEB8-8B4A-11D0-8D11-00A0C91BC942}") = "132267", "132267\132267.vcxproj", "{8757EE60-DF65-419D-8395-C7A08BE81779}"
EndProject
Project("{8BC9CEB8-8B4A-11D0-8D11-00A0C91BC942}") = "12943", "12943\12943.vcxproj", "{6351EF39-4978-4EAA-A2BF-8727238316E3}"
EndProject
Project("{8BC9CEB8-8B4A-11D0-8D11-00A0C91BC942}") = "12922", "12922\12922.vcxproj", "{84140FF2-8B35-40D3-A079-CCCC60075DF9}"
EndProject
Project("{2150E333-8FDC-42A3-9474-1A3956D46DE8}") = "2024_07_4Week", "2024_07_4Week", "{0C6CD839-93FC-4896-BC3D-8ED0DC1EFD9B}"
EndProject
Project("{8BC9CEB8-8B4A-11D0-8D11-00A0C91BC942}") = "12901", "12901\12901.vcxproj", "{401C2F40-6F03-4586-A865-C3CE57C1CBAB}"
EndProject
Project("{8BC9CEB8-8B4A-11D0-8D11-00A0C91BC942}") = "1845", "1845\1845.vcxproj", "{76846E00-60BD-4D27-975B-C7F82664A7B8}"
EndProject
Project("{8BC9CEB8-8B4A-11D0-8D11-00A0C91BC942}") = "67256", "67256\67256.vcxproj", "{487AFE1C-A0D4-4C8B-8CF2-6158BA93CE25}"
EndProject
Project("{8BC9CEB8-8B4A-11D0-8D11-00A0C91BC942}") = "134240", "134240\134240.vcxproj", "{009EED24-AEBE-4A5B-8BF8-553A9839A8F4}"
EndProject
Project("{2150E333-8FDC-42A3-9474-1A3956D46DE8}") = "2024_07_5Week", "2024_07_5Week", "{663BC9BB-01D7-470B-9CA8-79C380FE5E58}"
EndProject
Project("{8BC9CEB8-8B4A-11D0-8D11-00A0C91BC942}") = "86491", "86491\86491.vcxproj", "{582D3E72-4837-4B39-931F-040C86417E15}"
EndProject
Project("{8BC9CEB8-8B4A-11D0-8D11-00A0C91BC942}") = "159994", "159994\159994.vcxproj", "{958BC16A-5B85-42F2-9B9C-00C13DFA9A56}"
EndProject
Project("{8BC9CEB8-8B4A-11D0-8D11-00A0C91BC942}") = "135808", "135808\135808.vcxproj", "{B269B605-47ED-4B83-A334-422A8804D226}"
EndProject
Project("{8BC9CEB8-8B4A-11D0-8D11-00A0C91BC942}") = "81301", "81301\81301.vcxproj", "{88D9F981-D7C7-4C38-974F-99A62B4649F8}"
EndProject
Project("{2150E333-8FDC-42A3-9474-1A3956D46DE8}") = "2024.07", "2024.07", "{41381B86-13CA-4999-BB38-8B082734ED2D}"
EndProject
Project("{2150E333-8FDC-42A3-9474-1A3956D46DE8}") = "2024.08", "2024.08", "{3813C973-F6EF-4736-AC1B-A70E2DDD1665}"
EndProject
Project("{2150E333-8FDC-42A3-9474-1A3956D46DE8}") = "2024.08_1Week", "2024.08_1Week", "{AA3F216B-6B1E-4B5D-BF2E-03356F663267}"
EndProject
Project("{8BC9CEB8-8B4A-11D0-8D11-00A0C91BC942}") = "92334", "92334\92334.vcxproj", "{145E01B6-195D-48BB-B8AF-C793B86F5515}"
EndProject
Project("{8BC9CEB8-8B4A-11D0-8D11-00A0C91BC942}") = "72410", "72410\72410.vcxproj", "{19DC5EC3-1532-40E3-AD4D-9EAE25DCF9B8}"
EndProject
Project("{8BC9CEB8-8B4A-11D0-8D11-00A0C91BC942}") = "131705", "131705\131705.vcxproj", "{0EA952E5-22F5-49B4-B325-B892B13D89AB}"
EndProject
Project("{8BC9CEB8-8B4A-11D0-8D11-00A0C91BC942}") = "64061", "64061\64061.vcxproj", "{617153BC-7866-4A63-8935-8337F5A4E592}"
EndProject
Project("{2150E333-8FDC-42A3-9474-1A3956D46DE8}") = "2024.08_2Week", "2024.08_2Week", "{6789D212-F433-4B9F-BBF3-9A4F14BBBBDA}"
EndProject
Project("{8BC9CEB8-8B4A-11D0-8D11-00A0C91BC942}") = "86051", "86051\86051.vcxproj", "{9103C120-2EEB-44F1-A806-87969A4CAA43}"
EndProject
Project("{8BC9CEB8-8B4A-11D0-8D11-00A0C91BC942}") = "12934", "12934\12934.vcxproj", "{8C51F052-F487-4E82-84A6-E0636060C683}"
EndProject
Project("{8BC9CEB8-8B4A-11D0-8D11-00A0C91BC942}") = "161989", "161989\161989.vcxproj", "{B06C7CEA-790B-45C0-85A6-5907D250EEDB}"
EndProject
Project("{8BC9CEB8-8B4A-11D0-8D11-00A0C91BC942}") = "42889", "42889\42889.vcxproj", "{BE130113-AF59-4EF9-93AF-77145550172D}"
EndProject
Project("{2150E333-8FDC-42A3-9474-1A3956D46DE8}") = "2024.08_3Week", "2024.08_3Week", "{F8B0EF94-7AE9-43E9-9E8C-7E46650A4906}"
EndProject
Project("{8BC9CEB8-8B4A-11D0-8D11-00A0C91BC942}") = "12906", "12906\12906.vcxproj", "{EA101E3A-310C-4BE2-9855-33DBA0FED45D}"
EndProject
Project("{8BC9CEB8-8B4A-11D0-8D11-00A0C91BC942}") = "172928", "172928\172928.vcxproj", "{5C3D118C-3D0D-4DB1-8776-E9EAEAB905B4}"
EndProject
Project("{8BC9CEB8-8B4A-11D0-8D11-00A0C91BC942}") = "250121", "250121\250121.vcxproj", "{1AC792EC-97C0-4019-B629-E153F79440B4}"
EndProject
Project("{8BC9CEB8-8B4A-11D0-8D11-00A0C91BC942}") = "118666", "118666\118666.vcxproj", "{F1565E99-6948-47C5-9B87-8A50E63E5142}"
EndProject
Project("{2150E333-8FDC-42A3-9474-1A3956D46DE8}") = "2024.09", "2024.09", "{B7749BC0-7471-4DDD-8B91-02DB0624757C}"
EndProject
Project("{8BC9CEB8-8B4A-11D0-8D11-00A0C91BC942}") = "76501", "76501\76501.vcxproj", "{A63D028C-6443-4BA1-9550-257C442FA473}"
EndProject
Project("{8BC9CEB8-8B4A-11D0-8D11-00A0C91BC942}") = "17681", "17681\17681.vcxproj", "{186FCAE6-0ED2-40AE-8B05-4DF62CAD8430}"
EndProject
Project("{8BC9CEB8-8B4A-11D0-8D11-00A0C91BC942}") = "12915", "12915\12915.vcxproj", "{88F7C50B-9E25-430E-8E00-08158A350E9B}"
EndProject
Project("{8BC9CEB8-8B4A-11D0-8D11-00A0C91BC942}") = "258712", "258712\258712.vcxproj", "{27D0E8FB-CB87-45CC-BF86-BCAE1E9B9362}"
EndProject
Project("{2150E333-8FDC-42A3-9474-1A3956D46DE8}") = "2024.08_4Week", "2024.08_4Week", "{441461A3-4793-4BB8-97D5-ECDED555F991}"
EndProject
Project("{8BC9CEB8-8B4A-11D0-8D11-00A0C91BC942}") = "250137", "250137\250137.vcxproj", "{C8C6508B-FBCB-41DC-8A31-D03313245D16}"
EndProject
Project("{2150E333-8FDC-42A3-9474-1A3956D46DE8}") = "2024.09_1Week", "2024.09_1Week", "{17ABA283-BA3B-4AF3-99FC-058CDA06C7FA}"
EndProject
Project("{2150E333-8FDC-42A3-9474-1A3956D46DE8}") = "2024.09_2Week", "2024.09_2Week", "{338103A0-F761-40D2-AB49-8F901E8CEF32}"
EndProject
Project("{2150E333-8FDC-42A3-9474-1A3956D46DE8}") = "2024.09_3Week", "2024.09_3Week", "{51CC8E03-EFE5-4A9D-B386-AB8F68650B8C}"
EndProject
Project("{8BC9CEB8-8B4A-11D0-8D11-00A0C91BC942}") = "340198", "340198\340198.vcxproj", "{C2AFE0E3-54EB-4F5F-AD8C-D85BF846FC72}"
EndProject
Project("{2150E333-8FDC-42A3-9474-1A3956D46DE8}") = "2024.09_4Week", "2024.09_4Week", "{DD102653-7872-437F-A745-BC5B7073B7FA}"
EndProject
Project("{8BC9CEB8-8B4A-11D0-8D11-00A0C91BC942}") = "87390", "87390\87390.vcxproj", "{4511E6BF-52C4-4FCF-B0AF-865680ABB594}"
EndProject
Project("{8BC9CEB8-8B4A-11D0-8D11-00A0C91BC942}") = "169199", "169199\169199.vcxproj", "{6465DADE-6A4C-49F0-9658-82659B3D4E87}"
EndProject
Project("{8BC9CEB8-8B4A-11D0-8D11-00A0C91BC942}") = "181188", "181188\181188.vcxproj", "{0CCC80A2-8CA9-498F-9B00-A19B19C194CA}"
EndProject
Project("{2150E333-8FDC-42A3-9474-1A3956D46DE8}") = "2024.10", "2024.10", "{2B5AE277-6DD5-485E-B08E-013A62177439}"
EndProject
Project("{2150E333-8FDC-42A3-9474-1A3956D46DE8}") = "2024.10_1Week", "2024.10_1Week", "{5476037A-A228-41C2-9539-B8C3DF3926CF}"
EndProject
Project("{8BC9CEB8-8B4A-11D0-8D11-00A0C91BC942}") = "72411", "72411\72411.vcxproj", "{7C08291E-391E-4438-A92E-502616E06BB0}"
EndProject
Project("{8BC9CEB8-8B4A-11D0-8D11-00A0C91BC942}") = "169198", "169198\169198.vcxproj", "{E074091F-46F2-42EE-84A2-09DAEA302D7E}"
EndProject
Project("{2150E333-8FDC-42A3-9474-1A3956D46DE8}") = "2024.10_2Week", "2024.10_2Week", "{B6BDF7B1-7001-463F-8C4D-0AF258195F6B}"
EndProject
Project("{8BC9CEB8-8B4A-11D0-8D11-00A0C91BC942}") = "92341", "92341\92341.vcxproj", "{49023812-E14E-49C3-9302-FAB90B0EBB30}"
EndProject
Project("{2150E333-8FDC-42A3-9474-1A3956D46DE8}") = "Another", "Another", "{089AAF65-04A7-4EB0-8F54-ED4F6482C6E2}"
EndProject
Project("{8BC9CEB8-8B4A-11D0-8D11-00A0C91BC942}") = "131701", "131701\131701.vcxproj", "{04DDC087-BB80-4553-8A9B-40BAFEA3F501}"
EndProject
Project("{2150E333-8FDC-42A3-9474-1A3956D46DE8}") = "2024.10_3Week", "2024.10_3Week", "{043234B4-463F-4260-9329-E8E537C71167}"
EndProject
Project("{8BC9CEB8-8B4A-11D0-8D11-00A0C91BC942}") = "172927", "172927\172927.vcxproj", "{97D7916E-7E71-49C9-A344-04039F9647A3}"
EndProject
Project("{8BC9CEB8-8B4A-11D0-8D11-00A0C91BC942}") = "152996", "152996\152996.vcxproj", "{06A1C6F2-931B-4073-8C60-F5BB38E56001}"
EndProject
Project("{2150E333-8FDC-42A3-9474-1A3956D46DE8}") = "2024.10.24 Test1", "2024.10.24 Test1", "{529F1AE7-5AC1-45B6-9C58-ABF21F88D199}"
EndProject
Project("{8BC9CEB8-8B4A-11D0-8D11-00A0C91BC942}") = "Question1", "Question1\Question1.vcxproj", "{A5ABC7A6-8FE1-460F-834C-F483B15FC3CB}"
EndProject
Project("{8BC9CEB8-8B4A-11D0-8D11-00A0C91BC942}") = "Question2", "Question2\Question2.vcxproj", "{5CBF6E30-9665-48AE-A848-B58E3F71B71F}"
EndProject
Project("{8BC9CEB8-8B4A-11D0-8D11-00A0C91BC942}") = "Question3", "Question3\Question3.vcxproj", "{32009806-194A-467E-B92C-C92C76A220A7}"
EndProject
Project("{8BC9CEB8-8B4A-11D0-8D11-00A0C91BC942}") = "Question4", "Question4\Question4.vcxproj", "{D6D290C7-2423-4F87-89C8-79E5CB7EB243}"
EndProject
Project("{8BC9CEB8-8B4A-11D0-8D11-00A0C91BC942}") = "Question6", "Question6\Question6.vcxproj", "{7C6B9EA1-59A4-4A9F-9E21-FE217B1AC492}"
EndProject
Project("{2150E333-8FDC-42A3-9474-1A3956D46DE8}") = "2024.10.24 Test2", "2024.10.24 Test2", "{036E9DA4-DEAF-4D23-BAEB-1E21A902AC12}"
EndProject
Project("{8BC9CEB8-8B4A-11D0-8D11-00A0C91BC942}") = "Test2_Question1", "Test2_Question1\Test2_Question1.vcxproj", "{A73BCBDD-BB34-49C7-ADC5-76858A12D3FB}"
EndProject
Project("{8BC9CEB8-8B4A-11D0-8D11-00A0C91BC942}") = "Test2_Question2", "Test2_Question2\Test2_Question2.vcxproj", "{8CFCCB98-683C-4CBE-9156-96F1510E8069}"
EndProject
Project("{8BC9CEB8-8B4A-11D0-8D11-00A0C91BC942}") = "Test2_Question3", "Test2_Question3\Test2_Question3.vcxproj", "{BE834A01-5DC1-4FEB-810C-58CC0485BC77}"
EndProject
Project("{8BC9CEB8-8B4A-11D0-8D11-00A0C91BC942}") = "Test2_Question4", "Test2_Question4\Test2_Question4.vcxproj", "{97229320-A178-461E-9E42-AD3E93E9863B}"
EndProject
Project("{8BC9CEB8-8B4A-11D0-8D11-00A0C91BC942}") = "Test2_Question5", "Test2_Question5\Test2_Question5.vcxproj", "{CCB7D313-FAA2-49A6-AB17-A354DA2A2FC6}"
EndProject
Project("{8BC9CEB8-8B4A-11D0-8D11-00A0C91BC942}") = "Test2_Question6", "Test2_Question6\Test2_Question6.vcxproj", "{765191CF-BA96-4A26-AE92-F1BBA02FE5E6}"
EndProject
Project("{8BC9CEB8-8B4A-11D0-8D11-00A0C91BC942}") = "42839", "42839\42839.vcxproj", "{A4749803-3DB6-4C8A-87D2-004551980ED7}"
EndProject
Project("{2150E333-8FDC-42A3-9474-1A3956D46DE8}") = "2024.11", "2024.11", "{425CB1A8-0025-4A60-92D4-D00D0119B657}"
EndProject
Project("{8BC9CEB8-8B4A-11D0-8D11-00A0C91BC942}") = "43165", "43165\43165.vcxproj", "{86B94C70-BE37-4D79-9954-2E2700A0226E}"
EndProject
Global
	GlobalSection(SolutionConfigurationPlatforms) = preSolution
		Debug|x64 = Debug|x64
		Debug|x86 = Debug|x86
		Release|x64 = Release|x64
		Release|x86 = Release|x86
	EndGlobalSection
	GlobalSection(ProjectConfigurationPlatforms) = postSolution
		{2BFDD093-D5C3-4B2F-8075-3ACC10F0A0D7}.Debug|x64.ActiveCfg = Debug|x64
		{2BFDD093-D5C3-4B2F-8075-3ACC10F0A0D7}.Debug|x64.Build.0 = Debug|x64
		{2BFDD093-D5C3-4B2F-8075-3ACC10F0A0D7}.Debug|x86.ActiveCfg = Debug|Win32
		{2BFDD093-D5C3-4B2F-8075-3ACC10F0A0D7}.Debug|x86.Build.0 = Debug|Win32
		{2BFDD093-D5C3-4B2F-8075-3ACC10F0A0D7}.Release|x64.ActiveCfg = Release|x64
		{2BFDD093-D5C3-4B2F-8075-3ACC10F0A0D7}.Release|x64.Build.0 = Release|x64
		{2BFDD093-D5C3-4B2F-8075-3ACC10F0A0D7}.Release|x86.ActiveCfg = Release|Win32
		{2BFDD093-D5C3-4B2F-8075-3ACC10F0A0D7}.Release|x86.Build.0 = Release|Win32
		{A0EED977-2959-4B15-9C60-7B83900D9B8B}.Debug|x64.ActiveCfg = Debug|x64
		{A0EED977-2959-4B15-9C60-7B83900D9B8B}.Debug|x64.Build.0 = Debug|x64
		{A0EED977-2959-4B15-9C60-7B83900D9B8B}.Debug|x86.ActiveCfg = Debug|Win32
		{A0EED977-2959-4B15-9C60-7B83900D9B8B}.Debug|x86.Build.0 = Debug|Win32
		{A0EED977-2959-4B15-9C60-7B83900D9B8B}.Release|x64.ActiveCfg = Release|x64
		{A0EED977-2959-4B15-9C60-7B83900D9B8B}.Release|x64.Build.0 = Release|x64
		{A0EED977-2959-4B15-9C60-7B83900D9B8B}.Release|x86.ActiveCfg = Release|Win32
		{A0EED977-2959-4B15-9C60-7B83900D9B8B}.Release|x86.Build.0 = Release|Win32
		{9C46E2A0-4B3D-4CAD-A64F-540D7F1D93F6}.Debug|x64.ActiveCfg = Debug|x64
		{9C46E2A0-4B3D-4CAD-A64F-540D7F1D93F6}.Debug|x64.Build.0 = Debug|x64
		{9C46E2A0-4B3D-4CAD-A64F-540D7F1D93F6}.Debug|x86.ActiveCfg = Debug|Win32
		{9C46E2A0-4B3D-4CAD-A64F-540D7F1D93F6}.Debug|x86.Build.0 = Debug|Win32
		{9C46E2A0-4B3D-4CAD-A64F-540D7F1D93F6}.Release|x64.ActiveCfg = Release|x64
		{9C46E2A0-4B3D-4CAD-A64F-540D7F1D93F6}.Release|x64.Build.0 = Release|x64
		{9C46E2A0-4B3D-4CAD-A64F-540D7F1D93F6}.Release|x86.ActiveCfg = Release|Win32
		{9C46E2A0-4B3D-4CAD-A64F-540D7F1D93F6}.Release|x86.Build.0 = Release|Win32
		{7535D7A7-1E7E-4C9F-8284-D1E4D6DC48ED}.Debug|x64.ActiveCfg = Debug|x64
		{7535D7A7-1E7E-4C9F-8284-D1E4D6DC48ED}.Debug|x64.Build.0 = Debug|x64
		{7535D7A7-1E7E-4C9F-8284-D1E4D6DC48ED}.Debug|x86.ActiveCfg = Debug|Win32
		{7535D7A7-1E7E-4C9F-8284-D1E4D6DC48ED}.Debug|x86.Build.0 = Debug|Win32
		{7535D7A7-1E7E-4C9F-8284-D1E4D6DC48ED}.Release|x64.ActiveCfg = Release|x64
		{7535D7A7-1E7E-4C9F-8284-D1E4D6DC48ED}.Release|x64.Build.0 = Release|x64
		{7535D7A7-1E7E-4C9F-8284-D1E4D6DC48ED}.Release|x86.ActiveCfg = Release|Win32
		{7535D7A7-1E7E-4C9F-8284-D1E4D6DC48ED}.Release|x86.Build.0 = Release|Win32
		{47FCD520-3C29-46C4-B57D-C9F94D563319}.Debug|x64.ActiveCfg = Debug|x64
		{47FCD520-3C29-46C4-B57D-C9F94D563319}.Debug|x64.Build.0 = Debug|x64
		{47FCD520-3C29-46C4-B57D-C9F94D563319}.Debug|x86.ActiveCfg = Debug|Win32
		{47FCD520-3C29-46C4-B57D-C9F94D563319}.Debug|x86.Build.0 = Debug|Win32
		{47FCD520-3C29-46C4-B57D-C9F94D563319}.Release|x64.ActiveCfg = Release|x64
		{47FCD520-3C29-46C4-B57D-C9F94D563319}.Release|x64.Build.0 = Release|x64
		{47FCD520-3C29-46C4-B57D-C9F94D563319}.Release|x86.ActiveCfg = Release|Win32
		{47FCD520-3C29-46C4-B57D-C9F94D563319}.Release|x86.Build.0 = Release|Win32
		{0CAC514D-1E94-4884-971A-2F2893692E05}.Debug|x64.ActiveCfg = Debug|x64
		{0CAC514D-1E94-4884-971A-2F2893692E05}.Debug|x64.Build.0 = Debug|x64
		{0CAC514D-1E94-4884-971A-2F2893692E05}.Debug|x86.ActiveCfg = Debug|Win32
		{0CAC514D-1E94-4884-971A-2F2893692E05}.Debug|x86.Build.0 = Debug|Win32
		{0CAC514D-1E94-4884-971A-2F2893692E05}.Release|x64.ActiveCfg = Release|x64
		{0CAC514D-1E94-4884-971A-2F2893692E05}.Release|x64.Build.0 = Release|x64
		{0CAC514D-1E94-4884-971A-2F2893692E05}.Release|x86.ActiveCfg = Release|Win32
		{0CAC514D-1E94-4884-971A-2F2893692E05}.Release|x86.Build.0 = Release|Win32
		{05472B2D-C1AC-4024-BB8D-6DD68187D246}.Debug|x64.ActiveCfg = Debug|x64
		{05472B2D-C1AC-4024-BB8D-6DD68187D246}.Debug|x64.Build.0 = Debug|x64
		{05472B2D-C1AC-4024-BB8D-6DD68187D246}.Debug|x86.ActiveCfg = Debug|Win32
		{05472B2D-C1AC-4024-BB8D-6DD68187D246}.Debug|x86.Build.0 = Debug|Win32
		{05472B2D-C1AC-4024-BB8D-6DD68187D246}.Release|x64.ActiveCfg = Release|x64
		{05472B2D-C1AC-4024-BB8D-6DD68187D246}.Release|x64.Build.0 = Release|x64
		{05472B2D-C1AC-4024-BB8D-6DD68187D246}.Release|x86.ActiveCfg = Release|Win32
		{05472B2D-C1AC-4024-BB8D-6DD68187D246}.Release|x86.Build.0 = Release|Win32
		{60D5F354-6F66-4D4B-B9B2-DC46CC86CDD9}.Debug|x64.ActiveCfg = Debug|x64
		{60D5F354-6F66-4D4B-B9B2-DC46CC86CDD9}.Debug|x64.Build.0 = Debug|x64
		{60D5F354-6F66-4D4B-B9B2-DC46CC86CDD9}.Debug|x86.ActiveCfg = Debug|Win32
		{60D5F354-6F66-4D4B-B9B2-DC46CC86CDD9}.Debug|x86.Build.0 = Debug|Win32
		{60D5F354-6F66-4D4B-B9B2-DC46CC86CDD9}.Release|x64.ActiveCfg = Release|x64
		{60D5F354-6F66-4D4B-B9B2-DC46CC86CDD9}.Release|x64.Build.0 = Release|x64
		{60D5F354-6F66-4D4B-B9B2-DC46CC86CDD9}.Release|x86.ActiveCfg = Release|Win32
		{60D5F354-6F66-4D4B-B9B2-DC46CC86CDD9}.Release|x86.Build.0 = Release|Win32
		{63CBDE00-E29C-4AA7-AF74-C2933C3785BE}.Debug|x64.ActiveCfg = Debug|x64
		{63CBDE00-E29C-4AA7-AF74-C2933C3785BE}.Debug|x64.Build.0 = Debug|x64
		{63CBDE00-E29C-4AA7-AF74-C2933C3785BE}.Debug|x86.ActiveCfg = Debug|Win32
		{63CBDE00-E29C-4AA7-AF74-C2933C3785BE}.Debug|x86.Build.0 = Debug|Win32
		{63CBDE00-E29C-4AA7-AF74-C2933C3785BE}.Release|x64.ActiveCfg = Release|x64
		{63CBDE00-E29C-4AA7-AF74-C2933C3785BE}.Release|x64.Build.0 = Release|x64
		{63CBDE00-E29C-4AA7-AF74-C2933C3785BE}.Release|x86.ActiveCfg = Release|Win32
		{63CBDE00-E29C-4AA7-AF74-C2933C3785BE}.Release|x86.Build.0 = Release|Win32
		{53BABA20-F0C5-4E61-9C4A-A185959F32FC}.Debug|x64.ActiveCfg = Debug|x64
		{53BABA20-F0C5-4E61-9C4A-A185959F32FC}.Debug|x64.Build.0 = Debug|x64
		{53BABA20-F0C5-4E61-9C4A-A185959F32FC}.Debug|x86.ActiveCfg = Debug|Win32
		{53BABA20-F0C5-4E61-9C4A-A185959F32FC}.Debug|x86.Build.0 = Debug|Win32
		{53BABA20-F0C5-4E61-9C4A-A185959F32FC}.Release|x64.ActiveCfg = Release|x64
		{53BABA20-F0C5-4E61-9C4A-A185959F32FC}.Release|x64.Build.0 = Release|x64
		{53BABA20-F0C5-4E61-9C4A-A185959F32FC}.Release|x86.ActiveCfg = Release|Win32
		{53BABA20-F0C5-4E61-9C4A-A185959F32FC}.Release|x86.Build.0 = Release|Win32
		{8757EE60-DF65-419D-8395-C7A08BE81779}.Debug|x64.ActiveCfg = Debug|x64
		{8757EE60-DF65-419D-8395-C7A08BE81779}.Debug|x64.Build.0 = Debug|x64
		{8757EE60-DF65-419D-8395-C7A08BE81779}.Debug|x86.ActiveCfg = Debug|Win32
		{8757EE60-DF65-419D-8395-C7A08BE81779}.Debug|x86.Build.0 = Debug|Win32
		{8757EE60-DF65-419D-8395-C7A08BE81779}.Release|x64.ActiveCfg = Release|x64
		{8757EE60-DF65-419D-8395-C7A08BE81779}.Release|x64.Build.0 = Release|x64
		{8757EE60-DF65-419D-8395-C7A08BE81779}.Release|x86.ActiveCfg = Release|Win32
		{8757EE60-DF65-419D-8395-C7A08BE81779}.Release|x86.Build.0 = Release|Win32
		{6351EF39-4978-4EAA-A2BF-8727238316E3}.Debug|x64.ActiveCfg = Debug|x64
		{6351EF39-4978-4EAA-A2BF-8727238316E3}.Debug|x64.Build.0 = Debug|x64
		{6351EF39-4978-4EAA-A2BF-8727238316E3}.Debug|x86.ActiveCfg = Debug|Win32
		{6351EF39-4978-4EAA-A2BF-8727238316E3}.Debug|x86.Build.0 = Debug|Win32
		{6351EF39-4978-4EAA-A2BF-8727238316E3}.Release|x64.ActiveCfg = Release|x64
		{6351EF39-4978-4EAA-A2BF-8727238316E3}.Release|x64.Build.0 = Release|x64
		{6351EF39-4978-4EAA-A2BF-8727238316E3}.Release|x86.ActiveCfg = Release|Win32
		{6351EF39-4978-4EAA-A2BF-8727238316E3}.Release|x86.Build.0 = Release|Win32
		{84140FF2-8B35-40D3-A079-CCCC60075DF9}.Debug|x64.ActiveCfg = Debug|x64
		{84140FF2-8B35-40D3-A079-CCCC60075DF9}.Debug|x64.Build.0 = Debug|x64
		{84140FF2-8B35-40D3-A079-CCCC60075DF9}.Debug|x86.ActiveCfg = Debug|Win32
		{84140FF2-8B35-40D3-A079-CCCC60075DF9}.Debug|x86.Build.0 = Debug|Win32
		{84140FF2-8B35-40D3-A079-CCCC60075DF9}.Release|x64.ActiveCfg = Release|x64
		{84140FF2-8B35-40D3-A079-CCCC60075DF9}.Release|x64.Build.0 = Release|x64
		{84140FF2-8B35-40D3-A079-CCCC60075DF9}.Release|x86.ActiveCfg = Release|Win32
		{84140FF2-8B35-40D3-A079-CCCC60075DF9}.Release|x86.Build.0 = Release|Win32
		{401C2F40-6F03-4586-A865-C3CE57C1CBAB}.Debug|x64.ActiveCfg = Debug|x64
		{401C2F40-6F03-4586-A865-C3CE57C1CBAB}.Debug|x64.Build.0 = Debug|x64
		{401C2F40-6F03-4586-A865-C3CE57C1CBAB}.Debug|x86.ActiveCfg = Debug|Win32
		{401C2F40-6F03-4586-A865-C3CE57C1CBAB}.Debug|x86.Build.0 = Debug|Win32
		{401C2F40-6F03-4586-A865-C3CE57C1CBAB}.Release|x64.ActiveCfg = Release|x64
		{401C2F40-6F03-4586-A865-C3CE57C1CBAB}.Release|x64.Build.0 = Release|x64
		{401C2F40-6F03-4586-A865-C3CE57C1CBAB}.Release|x86.ActiveCfg = Release|Win32
		{401C2F40-6F03-4586-A865-C3CE57C1CBAB}.Release|x86.Build.0 = Release|Win32
		{76846E00-60BD-4D27-975B-C7F82664A7B8}.Debug|x64.ActiveCfg = Debug|x64
		{76846E00-60BD-4D27-975B-C7F82664A7B8}.Debug|x64.Build.0 = Debug|x64
		{76846E00-60BD-4D27-975B-C7F82664A7B8}.Debug|x86.ActiveCfg = Debug|Win32
		{76846E00-60BD-4D27-975B-C7F82664A7B8}.Debug|x86.Build.0 = Debug|Win32
		{76846E00-60BD-4D27-975B-C7F82664A7B8}.Release|x64.ActiveCfg = Release|x64
		{76846E00-60BD-4D27-975B-C7F82664A7B8}.Release|x64.Build.0 = Release|x64
		{76846E00-60BD-4D27-975B-C7F82664A7B8}.Release|x86.ActiveCfg = Release|Win32
		{76846E00-60BD-4D27-975B-C7F82664A7B8}.Release|x86.Build.0 = Release|Win32
		{487AFE1C-A0D4-4C8B-8CF2-6158BA93CE25}.Debug|x64.ActiveCfg = Debug|x64
		{487AFE1C-A0D4-4C8B-8CF2-6158BA93CE25}.Debug|x64.Build.0 = Debug|x64
		{487AFE1C-A0D4-4C8B-8CF2-6158BA93CE25}.Debug|x86.ActiveCfg = Debug|Win32
		{487AFE1C-A0D4-4C8B-8CF2-6158BA93CE25}.Debug|x86.Build.0 = Debug|Win32
		{487AFE1C-A0D4-4C8B-8CF2-6158BA93CE25}.Release|x64.ActiveCfg = Release|x64
		{487AFE1C-A0D4-4C8B-8CF2-6158BA93CE25}.Release|x64.Build.0 = Release|x64
		{487AFE1C-A0D4-4C8B-8CF2-6158BA93CE25}.Release|x86.ActiveCfg = Release|Win32
		{487AFE1C-A0D4-4C8B-8CF2-6158BA93CE25}.Release|x86.Build.0 = Release|Win32
		{009EED24-AEBE-4A5B-8BF8-553A9839A8F4}.Debug|x64.ActiveCfg = Debug|x64
		{009EED24-AEBE-4A5B-8BF8-553A9839A8F4}.Debug|x64.Build.0 = Debug|x64
		{009EED24-AEBE-4A5B-8BF8-553A9839A8F4}.Debug|x86.ActiveCfg = Debug|Win32
		{009EED24-AEBE-4A5B-8BF8-553A9839A8F4}.Debug|x86.Build.0 = Debug|Win32
		{009EED24-AEBE-4A5B-8BF8-553A9839A8F4}.Release|x64.ActiveCfg = Release|x64
		{009EED24-AEBE-4A5B-8BF8-553A9839A8F4}.Release|x64.Build.0 = Release|x64
		{009EED24-AEBE-4A5B-8BF8-553A9839A8F4}.Release|x86.ActiveCfg = Release|Win32
		{009EED24-AEBE-4A5B-8BF8-553A9839A8F4}.Release|x86.Build.0 = Release|Win32
		{582D3E72-4837-4B39-931F-040C86417E15}.Debug|x64.ActiveCfg = Debug|x64
		{582D3E72-4837-4B39-931F-040C86417E15}.Debug|x64.Build.0 = Debug|x64
		{582D3E72-4837-4B39-931F-040C86417E15}.Debug|x86.ActiveCfg = Debug|Win32
		{582D3E72-4837-4B39-931F-040C86417E15}.Debug|x86.Build.0 = Debug|Win32
		{582D3E72-4837-4B39-931F-040C86417E15}.Release|x64.ActiveCfg = Release|x64
		{582D3E72-4837-4B39-931F-040C86417E15}.Release|x64.Build.0 = Release|x64
		{582D3E72-4837-4B39-931F-040C86417E15}.Release|x86.ActiveCfg = Release|Win32
		{582D3E72-4837-4B39-931F-040C86417E15}.Release|x86.Build.0 = Release|Win32
		{958BC16A-5B85-42F2-9B9C-00C13DFA9A56}.Debug|x64.ActiveCfg = Debug|x64
		{958BC16A-5B85-42F2-9B9C-00C13DFA9A56}.Debug|x64.Build.0 = Debug|x64
		{958BC16A-5B85-42F2-9B9C-00C13DFA9A56}.Debug|x86.ActiveCfg = Debug|Win32
		{958BC16A-5B85-42F2-9B9C-00C13DFA9A56}.Debug|x86.Build.0 = Debug|Win32
		{958BC16A-5B85-42F2-9B9C-00C13DFA9A56}.Release|x64.ActiveCfg = Release|x64
		{958BC16A-5B85-42F2-9B9C-00C13DFA9A56}.Release|x64.Build.0 = Release|x64
		{958BC16A-5B85-42F2-9B9C-00C13DFA9A56}.Release|x86.ActiveCfg = Release|Win32
		{958BC16A-5B85-42F2-9B9C-00C13DFA9A56}.Release|x86.Build.0 = Release|Win32
		{B269B605-47ED-4B83-A334-422A8804D226}.Debug|x64.ActiveCfg = Debug|x64
		{B269B605-47ED-4B83-A334-422A8804D226}.Debug|x64.Build.0 = Debug|x64
		{B269B605-47ED-4B83-A334-422A8804D226}.Debug|x86.ActiveCfg = Debug|Win32
		{B269B605-47ED-4B83-A334-422A8804D226}.Debug|x86.Build.0 = Debug|Win32
		{B269B605-47ED-4B83-A334-422A8804D226}.Release|x64.ActiveCfg = Release|x64
		{B269B605-47ED-4B83-A334-422A8804D226}.Release|x64.Build.0 = Release|x64
		{B269B605-47ED-4B83-A334-422A8804D226}.Release|x86.ActiveCfg = Release|Win32
		{B269B605-47ED-4B83-A334-422A8804D226}.Release|x86.Build.0 = Release|Win32
		{88D9F981-D7C7-4C38-974F-99A62B4649F8}.Debug|x64.ActiveCfg = Debug|x64
		{88D9F981-D7C7-4C38-974F-99A62B4649F8}.Debug|x64.Build.0 = Debug|x64
		{88D9F981-D7C7-4C38-974F-99A62B4649F8}.Debug|x86.ActiveCfg = Debug|Win32
		{88D9F981-D7C7-4C38-974F-99A62B4649F8}.Debug|x86.Build.0 = Debug|Win32
		{88D9F981-D7C7-4C38-974F-99A62B4649F8}.Release|x64.ActiveCfg = Release|x64
		{88D9F981-D7C7-4C38-974F-99A62B4649F8}.Release|x64.Build.0 = Release|x64
		{88D9F981-D7C7-4C38-974F-99A62B4649F8}.Release|x86.ActiveCfg = Release|Win32
		{88D9F981-D7C7-4C38-974F-99A62B4649F8}.Release|x86.Build.0 = Release|Win32
		{145E01B6-195D-48BB-B8AF-C793B86F5515}.Debug|x64.ActiveCfg = Debug|x64
		{145E01B6-195D-48BB-B8AF-C793B86F5515}.Debug|x64.Build.0 = Debug|x64
		{145E01B6-195D-48BB-B8AF-C793B86F5515}.Debug|x86.ActiveCfg = Debug|Win32
		{145E01B6-195D-48BB-B8AF-C793B86F5515}.Debug|x86.Build.0 = Debug|Win32
		{145E01B6-195D-48BB-B8AF-C793B86F5515}.Release|x64.ActiveCfg = Release|x64
		{145E01B6-195D-48BB-B8AF-C793B86F5515}.Release|x64.Build.0 = Release|x64
		{145E01B6-195D-48BB-B8AF-C793B86F5515}.Release|x86.ActiveCfg = Release|Win32
		{145E01B6-195D-48BB-B8AF-C793B86F5515}.Release|x86.Build.0 = Release|Win32
		{19DC5EC3-1532-40E3-AD4D-9EAE25DCF9B8}.Debug|x64.ActiveCfg = Debug|x64
		{19DC5EC3-1532-40E3-AD4D-9EAE25DCF9B8}.Debug|x64.Build.0 = Debug|x64
		{19DC5EC3-1532-40E3-AD4D-9EAE25DCF9B8}.Debug|x86.ActiveCfg = Debug|Win32
		{19DC5EC3-1532-40E3-AD4D-9EAE25DCF9B8}.Debug|x86.Build.0 = Debug|Win32
		{19DC5EC3-1532-40E3-AD4D-9EAE25DCF9B8}.Release|x64.ActiveCfg = Release|x64
		{19DC5EC3-1532-40E3-AD4D-9EAE25DCF9B8}.Release|x64.Build.0 = Release|x64
		{19DC5EC3-1532-40E3-AD4D-9EAE25DCF9B8}.Release|x86.ActiveCfg = Release|Win32
		{19DC5EC3-1532-40E3-AD4D-9EAE25DCF9B8}.Release|x86.Build.0 = Release|Win32
		{0EA952E5-22F5-49B4-B325-B892B13D89AB}.Debug|x64.ActiveCfg = Debug|x64
		{0EA952E5-22F5-49B4-B325-B892B13D89AB}.Debug|x64.Build.0 = Debug|x64
		{0EA952E5-22F5-49B4-B325-B892B13D89AB}.Debug|x86.ActiveCfg = Debug|Win32
		{0EA952E5-22F5-49B4-B325-B892B13D89AB}.Debug|x86.Build.0 = Debug|Win32
		{0EA952E5-22F5-49B4-B325-B892B13D89AB}.Release|x64.ActiveCfg = Release|x64
		{0EA952E5-22F5-49B4-B325-B892B13D89AB}.Release|x64.Build.0 = Release|x64
		{0EA952E5-22F5-49B4-B325-B892B13D89AB}.Release|x86.ActiveCfg = Release|Win32
		{0EA952E5-22F5-49B4-B325-B892B13D89AB}.Release|x86.Build.0 = Release|Win32
		{617153BC-7866-4A63-8935-8337F5A4E592}.Debug|x64.ActiveCfg = Debug|x64
		{617153BC-7866-4A63-8935-8337F5A4E592}.Debug|x64.Build.0 = Debug|x64
		{617153BC-7866-4A63-8935-8337F5A4E592}.Debug|x86.ActiveCfg = Debug|Win32
		{617153BC-7866-4A63-8935-8337F5A4E592}.Debug|x86.Build.0 = Debug|Win32
		{617153BC-7866-4A63-8935-8337F5A4E592}.Release|x64.ActiveCfg = Release|x64
		{617153BC-7866-4A63-8935-8337F5A4E592}.Release|x64.Build.0 = Release|x64
		{617153BC-7866-4A63-8935-8337F5A4E592}.Release|x86.ActiveCfg = Release|Win32
		{617153BC-7866-4A63-8935-8337F5A4E592}.Release|x86.Build.0 = Release|Win32
		{9103C120-2EEB-44F1-A806-87969A4CAA43}.Debug|x64.ActiveCfg = Debug|x64
		{9103C120-2EEB-44F1-A806-87969A4CAA43}.Debug|x64.Build.0 = Debug|x64
		{9103C120-2EEB-44F1-A806-87969A4CAA43}.Debug|x86.ActiveCfg = Debug|Win32
		{9103C120-2EEB-44F1-A806-87969A4CAA43}.Debug|x86.Build.0 = Debug|Win32
		{9103C120-2EEB-44F1-A806-87969A4CAA43}.Release|x64.ActiveCfg = Release|x64
		{9103C120-2EEB-44F1-A806-87969A4CAA43}.Release|x64.Build.0 = Release|x64
		{9103C120-2EEB-44F1-A806-87969A4CAA43}.Release|x86.ActiveCfg = Release|Win32
		{9103C120-2EEB-44F1-A806-87969A4CAA43}.Release|x86.Build.0 = Release|Win32
		{8C51F052-F487-4E82-84A6-E0636060C683}.Debug|x64.ActiveCfg = Debug|x64
		{8C51F052-F487-4E82-84A6-E0636060C683}.Debug|x64.Build.0 = Debug|x64
		{8C51F052-F487-4E82-84A6-E0636060C683}.Debug|x86.ActiveCfg = Debug|Win32
		{8C51F052-F487-4E82-84A6-E0636060C683}.Debug|x86.Build.0 = Debug|Win32
		{8C51F052-F487-4E82-84A6-E0636060C683}.Release|x64.ActiveCfg = Release|x64
		{8C51F052-F487-4E82-84A6-E0636060C683}.Release|x64.Build.0 = Release|x64
		{8C51F052-F487-4E82-84A6-E0636060C683}.Release|x86.ActiveCfg = Release|Win32
		{8C51F052-F487-4E82-84A6-E0636060C683}.Release|x86.Build.0 = Release|Win32
		{B06C7CEA-790B-45C0-85A6-5907D250EEDB}.Debug|x64.ActiveCfg = Debug|x64
		{B06C7CEA-790B-45C0-85A6-5907D250EEDB}.Debug|x64.Build.0 = Debug|x64
		{B06C7CEA-790B-45C0-85A6-5907D250EEDB}.Debug|x86.ActiveCfg = Debug|Win32
		{B06C7CEA-790B-45C0-85A6-5907D250EEDB}.Debug|x86.Build.0 = Debug|Win32
		{B06C7CEA-790B-45C0-85A6-5907D250EEDB}.Release|x64.ActiveCfg = Release|x64
		{B06C7CEA-790B-45C0-85A6-5907D250EEDB}.Release|x64.Build.0 = Release|x64
		{B06C7CEA-790B-45C0-85A6-5907D250EEDB}.Release|x86.ActiveCfg = Release|Win32
		{B06C7CEA-790B-45C0-85A6-5907D250EEDB}.Release|x86.Build.0 = Release|Win32
		{BE130113-AF59-4EF9-93AF-77145550172D}.Debug|x64.ActiveCfg = Debug|x64
		{BE130113-AF59-4EF9-93AF-77145550172D}.Debug|x64.Build.0 = Debug|x64
		{BE130113-AF59-4EF9-93AF-77145550172D}.Debug|x86.ActiveCfg = Debug|Win32
		{BE130113-AF59-4EF9-93AF-77145550172D}.Debug|x86.Build.0 = Debug|Win32
		{BE130113-AF59-4EF9-93AF-77145550172D}.Release|x64.ActiveCfg = Release|x64
		{BE130113-AF59-4EF9-93AF-77145550172D}.Release|x64.Build.0 = Release|x64
		{BE130113-AF59-4EF9-93AF-77145550172D}.Release|x86.ActiveCfg = Release|Win32
		{BE130113-AF59-4EF9-93AF-77145550172D}.Release|x86.Build.0 = Release|Win32
		{EA101E3A-310C-4BE2-9855-33DBA0FED45D}.Debug|x64.ActiveCfg = Debug|x64
		{EA101E3A-310C-4BE2-9855-33DBA0FED45D}.Debug|x64.Build.0 = Debug|x64
		{EA101E3A-310C-4BE2-9855-33DBA0FED45D}.Debug|x86.ActiveCfg = Debug|Win32
		{EA101E3A-310C-4BE2-9855-33DBA0FED45D}.Debug|x86.Build.0 = Debug|Win32
		{EA101E3A-310C-4BE2-9855-33DBA0FED45D}.Release|x64.ActiveCfg = Release|x64
		{EA101E3A-310C-4BE2-9855-33DBA0FED45D}.Release|x64.Build.0 = Release|x64
		{EA101E3A-310C-4BE2-9855-33DBA0FED45D}.Release|x86.ActiveCfg = Release|Win32
		{EA101E3A-310C-4BE2-9855-33DBA0FED45D}.Release|x86.Build.0 = Release|Win32
		{5C3D118C-3D0D-4DB1-8776-E9EAEAB905B4}.Debug|x64.ActiveCfg = Debug|x64
		{5C3D118C-3D0D-4DB1-8776-E9EAEAB905B4}.Debug|x64.Build.0 = Debug|x64
		{5C3D118C-3D0D-4DB1-8776-E9EAEAB905B4}.Debug|x86.ActiveCfg = Debug|Win32
		{5C3D118C-3D0D-4DB1-8776-E9EAEAB905B4}.Debug|x86.Build.0 = Debug|Win32
		{5C3D118C-3D0D-4DB1-8776-E9EAEAB905B4}.Release|x64.ActiveCfg = Release|x64
		{5C3D118C-3D0D-4DB1-8776-E9EAEAB905B4}.Release|x64.Build.0 = Release|x64
		{5C3D118C-3D0D-4DB1-8776-E9EAEAB905B4}.Release|x86.ActiveCfg = Release|Win32
		{5C3D118C-3D0D-4DB1-8776-E9EAEAB905B4}.Release|x86.Build.0 = Release|Win32
		{1AC792EC-97C0-4019-B629-E153F79440B4}.Debug|x64.ActiveCfg = Debug|x64
		{1AC792EC-97C0-4019-B629-E153F79440B4}.Debug|x64.Build.0 = Debug|x64
		{1AC792EC-97C0-4019-B629-E153F79440B4}.Debug|x86.ActiveCfg = Debug|Win32
		{1AC792EC-97C0-4019-B629-E153F79440B4}.Debug|x86.Build.0 = Debug|Win32
		{1AC792EC-97C0-4019-B629-E153F79440B4}.Release|x64.ActiveCfg = Release|x64
		{1AC792EC-97C0-4019-B629-E153F79440B4}.Release|x64.Build.0 = Release|x64
		{1AC792EC-97C0-4019-B629-E153F79440B4}.Release|x86.ActiveCfg = Release|Win32
		{1AC792EC-97C0-4019-B629-E153F79440B4}.Release|x86.Build.0 = Release|Win32
		{F1565E99-6948-47C5-9B87-8A50E63E5142}.Debug|x64.ActiveCfg = Debug|x64
		{F1565E99-6948-47C5-9B87-8A50E63E5142}.Debug|x64.Build.0 = Debug|x64
		{F1565E99-6948-47C5-9B87-8A50E63E5142}.Debug|x86.ActiveCfg = Debug|Win32
		{F1565E99-6948-47C5-9B87-8A50E63E5142}.Debug|x86.Build.0 = Debug|Win32
		{F1565E99-6948-47C5-9B87-8A50E63E5142}.Release|x64.ActiveCfg = Release|x64
		{F1565E99-6948-47C5-9B87-8A50E63E5142}.Release|x64.Build.0 = Release|x64
		{F1565E99-6948-47C5-9B87-8A50E63E5142}.Release|x86.ActiveCfg = Release|Win32
		{F1565E99-6948-47C5-9B87-8A50E63E5142}.Release|x86.Build.0 = Release|Win32
		{A63D028C-6443-4BA1-9550-257C442FA473}.Debug|x64.ActiveCfg = Debug|x64
		{A63D028C-6443-4BA1-9550-257C442FA473}.Debug|x64.Build.0 = Debug|x64
		{A63D028C-6443-4BA1-9550-257C442FA473}.Debug|x86.ActiveCfg = Debug|Win32
		{A63D028C-6443-4BA1-9550-257C442FA473}.Debug|x86.Build.0 = Debug|Win32
		{A63D028C-6443-4BA1-9550-257C442FA473}.Release|x64.ActiveCfg = Release|x64
		{A63D028C-6443-4BA1-9550-257C442FA473}.Release|x64.Build.0 = Release|x64
		{A63D028C-6443-4BA1-9550-257C442FA473}.Release|x86.ActiveCfg = Release|Win32
		{A63D028C-6443-4BA1-9550-257C442FA473}.Release|x86.Build.0 = Release|Win32
		{186FCAE6-0ED2-40AE-8B05-4DF62CAD8430}.Debug|x64.ActiveCfg = Debug|x64
		{186FCAE6-0ED2-40AE-8B05-4DF62CAD8430}.Debug|x64.Build.0 = Debug|x64
		{186FCAE6-0ED2-40AE-8B05-4DF62CAD8430}.Debug|x86.ActiveCfg = Debug|Win32
		{186FCAE6-0ED2-40AE-8B05-4DF62CAD8430}.Debug|x86.Build.0 = Debug|Win32
		{186FCAE6-0ED2-40AE-8B05-4DF62CAD8430}.Release|x64.ActiveCfg = Release|x64
		{186FCAE6-0ED2-40AE-8B05-4DF62CAD8430}.Release|x64.Build.0 = Release|x64
		{186FCAE6-0ED2-40AE-8B05-4DF62CAD8430}.Release|x86.ActiveCfg = Release|Win32
		{186FCAE6-0ED2-40AE-8B05-4DF62CAD8430}.Release|x86.Build.0 = Release|Win32
		{88F7C50B-9E25-430E-8E00-08158A350E9B}.Debug|x64.ActiveCfg = Debug|x64
		{88F7C50B-9E25-430E-8E00-08158A350E9B}.Debug|x64.Build.0 = Debug|x64
		{88F7C50B-9E25-430E-8E00-08158A350E9B}.Debug|x86.ActiveCfg = Debug|Win32
		{88F7C50B-9E25-430E-8E00-08158A350E9B}.Debug|x86.Build.0 = Debug|Win32
		{88F7C50B-9E25-430E-8E00-08158A350E9B}.Release|x64.ActiveCfg = Release|x64
		{88F7C50B-9E25-430E-8E00-08158A350E9B}.Release|x64.Build.0 = Release|x64
		{88F7C50B-9E25-430E-8E00-08158A350E9B}.Release|x86.ActiveCfg = Release|Win32
		{88F7C50B-9E25-430E-8E00-08158A350E9B}.Release|x86.Build.0 = Release|Win32
		{27D0E8FB-CB87-45CC-BF86-BCAE1E9B9362}.Debug|x64.ActiveCfg = Debug|x64
		{27D0E8FB-CB87-45CC-BF86-BCAE1E9B9362}.Debug|x64.Build.0 = Debug|x64
		{27D0E8FB-CB87-45CC-BF86-BCAE1E9B9362}.Debug|x86.ActiveCfg = Debug|Win32
		{27D0E8FB-CB87-45CC-BF86-BCAE1E9B9362}.Debug|x86.Build.0 = Debug|Win32
		{27D0E8FB-CB87-45CC-BF86-BCAE1E9B9362}.Release|x64.ActiveCfg = Release|x64
		{27D0E8FB-CB87-45CC-BF86-BCAE1E9B9362}.Release|x64.Build.0 = Release|x64
		{27D0E8FB-CB87-45CC-BF86-BCAE1E9B9362}.Release|x86.ActiveCfg = Release|Win32
		{27D0E8FB-CB87-45CC-BF86-BCAE1E9B9362}.Release|x86.Build.0 = Release|Win32
		{C8C6508B-FBCB-41DC-8A31-D03313245D16}.Debug|x64.ActiveCfg = Debug|x64
		{C8C6508B-FBCB-41DC-8A31-D03313245D16}.Debug|x64.Build.0 = Debug|x64
		{C8C6508B-FBCB-41DC-8A31-D03313245D16}.Debug|x86.ActiveCfg = Debug|Win32
		{C8C6508B-FBCB-41DC-8A31-D03313245D16}.Debug|x86.Build.0 = Debug|Win32
		{C8C6508B-FBCB-41DC-8A31-D03313245D16}.Release|x64.ActiveCfg = Release|x64
		{C8C6508B-FBCB-41DC-8A31-D03313245D16}.Release|x64.Build.0 = Release|x64
		{C8C6508B-FBCB-41DC-8A31-D03313245D16}.Release|x86.ActiveCfg = Release|Win32
		{C8C6508B-FBCB-41DC-8A31-D03313245D16}.Release|x86.Build.0 = Release|Win32
		{C2AFE0E3-54EB-4F5F-AD8C-D85BF846FC72}.Debug|x64.ActiveCfg = Debug|x64
		{C2AFE0E3-54EB-4F5F-AD8C-D85BF846FC72}.Debug|x64.Build.0 = Debug|x64
		{C2AFE0E3-54EB-4F5F-AD8C-D85BF846FC72}.Debug|x86.ActiveCfg = Debug|Win32
		{C2AFE0E3-54EB-4F5F-AD8C-D85BF846FC72}.Debug|x86.Build.0 = Debug|Win32
		{C2AFE0E3-54EB-4F5F-AD8C-D85BF846FC72}.Release|x64.ActiveCfg = Release|x64
		{C2AFE0E3-54EB-4F5F-AD8C-D85BF846FC72}.Release|x64.Build.0 = Release|x64
		{C2AFE0E3-54EB-4F5F-AD8C-D85BF846FC72}.Release|x86.ActiveCfg = Release|Win32
		{C2AFE0E3-54EB-4F5F-AD8C-D85BF846FC72}.Release|x86.Build.0 = Release|Win32
		{4511E6BF-52C4-4FCF-B0AF-865680ABB594}.Debug|x64.ActiveCfg = Debug|x64
		{4511E6BF-52C4-4FCF-B0AF-865680ABB594}.Debug|x64.Build.0 = Debug|x64
		{4511E6BF-52C4-4FCF-B0AF-865680ABB594}.Debug|x86.ActiveCfg = Debug|Win32
		{4511E6BF-52C4-4FCF-B0AF-865680ABB594}.Debug|x86.Build.0 = Debug|Win32
		{4511E6BF-52C4-4FCF-B0AF-865680ABB594}.Release|x64.ActiveCfg = Release|x64
		{4511E6BF-52C4-4FCF-B0AF-865680ABB594}.Release|x64.Build.0 = Release|x64
		{4511E6BF-52C4-4FCF-B0AF-865680ABB594}.Release|x86.ActiveCfg = Release|Win32
		{4511E6BF-52C4-4FCF-B0AF-865680ABB594}.Release|x86.Build.0 = Release|Win32
		{6465DADE-6A4C-49F0-9658-82659B3D4E87}.Debug|x64.ActiveCfg = Debug|x64
		{6465DADE-6A4C-49F0-9658-82659B3D4E87}.Debug|x64.Build.0 = Debug|x64
		{6465DADE-6A4C-49F0-9658-82659B3D4E87}.Debug|x86.ActiveCfg = Debug|Win32
		{6465DADE-6A4C-49F0-9658-82659B3D4E87}.Debug|x86.Build.0 = Debug|Win32
		{6465DADE-6A4C-49F0-9658-82659B3D4E87}.Release|x64.ActiveCfg = Release|x64
		{6465DADE-6A4C-49F0-9658-82659B3D4E87}.Release|x64.Build.0 = Release|x64
		{6465DADE-6A4C-49F0-9658-82659B3D4E87}.Release|x86.ActiveCfg = Release|Win32
		{6465DADE-6A4C-49F0-9658-82659B3D4E87}.Release|x86.Build.0 = Release|Win32
		{0CCC80A2-8CA9-498F-9B00-A19B19C194CA}.Debug|x64.ActiveCfg = Debug|x64
		{0CCC80A2-8CA9-498F-9B00-A19B19C194CA}.Debug|x64.Build.0 = Debug|x64
		{0CCC80A2-8CA9-498F-9B00-A19B19C194CA}.Debug|x86.ActiveCfg = Debug|Win32
		{0CCC80A2-8CA9-498F-9B00-A19B19C194CA}.Debug|x86.Build.0 = Debug|Win32
		{0CCC80A2-8CA9-498F-9B00-A19B19C194CA}.Release|x64.ActiveCfg = Release|x64
		{0CCC80A2-8CA9-498F-9B00-A19B19C194CA}.Release|x64.Build.0 = Release|x64
		{0CCC80A2-8CA9-498F-9B00-A19B19C194CA}.Release|x86.ActiveCfg = Release|Win32
		{0CCC80A2-8CA9-498F-9B00-A19B19C194CA}.Release|x86.Build.0 = Release|Win32
		{7C08291E-391E-4438-A92E-502616E06BB0}.Debug|x64.ActiveCfg = Debug|x64
		{7C08291E-391E-4438-A92E-502616E06BB0}.Debug|x64.Build.0 = Debug|x64
		{7C08291E-391E-4438-A92E-502616E06BB0}.Debug|x86.ActiveCfg = Debug|Win32
		{7C08291E-391E-4438-A92E-502616E06BB0}.Debug|x86.Build.0 = Debug|Win32
		{7C08291E-391E-4438-A92E-502616E06BB0}.Release|x64.ActiveCfg = Release|x64
		{7C08291E-391E-4438-A92E-502616E06BB0}.Release|x64.Build.0 = Release|x64
		{7C08291E-391E-4438-A92E-502616E06BB0}.Release|x86.ActiveCfg = Release|Win32
		{7C08291E-391E-4438-A92E-502616E06BB0}.Release|x86.Build.0 = Release|Win32
		{E074091F-46F2-42EE-84A2-09DAEA302D7E}.Debug|x64.ActiveCfg = Debug|x64
		{E074091F-46F2-42EE-84A2-09DAEA302D7E}.Debug|x64.Build.0 = Debug|x64
		{E074091F-46F2-42EE-84A2-09DAEA302D7E}.Debug|x86.ActiveCfg = Debug|Win32
		{E074091F-46F2-42EE-84A2-09DAEA302D7E}.Debug|x86.Build.0 = Debug|Win32
		{E074091F-46F2-42EE-84A2-09DAEA302D7E}.Release|x64.ActiveCfg = Release|x64
		{E074091F-46F2-42EE-84A2-09DAEA302D7E}.Release|x64.Build.0 = Release|x64
		{E074091F-46F2-42EE-84A2-09DAEA302D7E}.Release|x86.ActiveCfg = Release|Win32
		{E074091F-46F2-42EE-84A2-09DAEA302D7E}.Release|x86.Build.0 = Release|Win32
		{49023812-E14E-49C3-9302-FAB90B0EBB30}.Debug|x64.ActiveCfg = Debug|x64
		{49023812-E14E-49C3-9302-FAB90B0EBB30}.Debug|x64.Build.0 = Debug|x64
		{49023812-E14E-49C3-9302-FAB90B0EBB30}.Debug|x86.ActiveCfg = Debug|Win32
		{49023812-E14E-49C3-9302-FAB90B0EBB30}.Debug|x86.Build.0 = Debug|Win32
		{49023812-E14E-49C3-9302-FAB90B0EBB30}.Release|x64.ActiveCfg = Release|x64
		{49023812-E14E-49C3-9302-FAB90B0EBB30}.Release|x64.Build.0 = Release|x64
		{49023812-E14E-49C3-9302-FAB90B0EBB30}.Release|x86.ActiveCfg = Release|Win32
		{49023812-E14E-49C3-9302-FAB90B0EBB30}.Release|x86.Build.0 = Release|Win32
		{04DDC087-BB80-4553-8A9B-40BAFEA3F501}.Debug|x64.ActiveCfg = Debug|x64
		{04DDC087-BB80-4553-8A9B-40BAFEA3F501}.Debug|x64.Build.0 = Debug|x64
		{04DDC087-BB80-4553-8A9B-40BAFEA3F501}.Debug|x86.ActiveCfg = Debug|Win32
		{04DDC087-BB80-4553-8A9B-40BAFEA3F501}.Debug|x86.Build.0 = Debug|Win32
		{04DDC087-BB80-4553-8A9B-40BAFEA3F501}.Release|x64.ActiveCfg = Release|x64
		{04DDC087-BB80-4553-8A9B-40BAFEA3F501}.Release|x64.Build.0 = Release|x64
		{04DDC087-BB80-4553-8A9B-40BAFEA3F501}.Release|x86.ActiveCfg = Release|Win32
		{04DDC087-BB80-4553-8A9B-40BAFEA3F501}.Release|x86.Build.0 = Release|Win32
		{97D7916E-7E71-49C9-A344-04039F9647A3}.Debug|x64.ActiveCfg = Debug|x64
		{97D7916E-7E71-49C9-A344-04039F9647A3}.Debug|x64.Build.0 = Debug|x64
		{97D7916E-7E71-49C9-A344-04039F9647A3}.Debug|x86.ActiveCfg = Debug|Win32
		{97D7916E-7E71-49C9-A344-04039F9647A3}.Debug|x86.Build.0 = Debug|Win32
		{97D7916E-7E71-49C9-A344-04039F9647A3}.Release|x64.ActiveCfg = Release|x64
		{97D7916E-7E71-49C9-A344-04039F9647A3}.Release|x64.Build.0 = Release|x64
		{97D7916E-7E71-49C9-A344-04039F9647A3}.Release|x86.ActiveCfg = Release|Win32
		{97D7916E-7E71-49C9-A344-04039F9647A3}.Release|x86.Build.0 = Release|Win32
		{06A1C6F2-931B-4073-8C60-F5BB38E56001}.Debug|x64.ActiveCfg = Debug|x64
		{06A1C6F2-931B-4073-8C60-F5BB38E56001}.Debug|x64.Build.0 = Debug|x64
		{06A1C6F2-931B-4073-8C60-F5BB38E56001}.Debug|x86.ActiveCfg = Debug|Win32
		{06A1C6F2-931B-4073-8C60-F5BB38E56001}.Debug|x86.Build.0 = Debug|Win32
		{06A1C6F2-931B-4073-8C60-F5BB38E56001}.Release|x64.ActiveCfg = Release|x64
		{06A1C6F2-931B-4073-8C60-F5BB38E56001}.Release|x64.Build.0 = Release|x64
		{06A1C6F2-931B-4073-8C60-F5BB38E56001}.Release|x86.ActiveCfg = Release|Win32
		{06A1C6F2-931B-4073-8C60-F5BB38E56001}.Release|x86.Build.0 = Release|Win32
		{A5ABC7A6-8FE1-460F-834C-F483B15FC3CB}.Debug|x64.ActiveCfg = Debug|x64
		{A5ABC7A6-8FE1-460F-834C-F483B15FC3CB}.Debug|x64.Build.0 = Debug|x64
		{A5ABC7A6-8FE1-460F-834C-F483B15FC3CB}.Debug|x86.ActiveCfg = Debug|Win32
		{A5ABC7A6-8FE1-460F-834C-F483B15FC3CB}.Debug|x86.Build.0 = Debug|Win32
		{A5ABC7A6-8FE1-460F-834C-F483B15FC3CB}.Release|x64.ActiveCfg = Release|x64
		{A5ABC7A6-8FE1-460F-834C-F483B15FC3CB}.Release|x64.Build.0 = Release|x64
		{A5ABC7A6-8FE1-460F-834C-F483B15FC3CB}.Release|x86.ActiveCfg = Release|Win32
		{A5ABC7A6-8FE1-460F-834C-F483B15FC3CB}.Release|x86.Build.0 = Release|Win32
		{5CBF6E30-9665-48AE-A848-B58E3F71B71F}.Debug|x64.ActiveCfg = Debug|x64
		{5CBF6E30-9665-48AE-A848-B58E3F71B71F}.Debug|x64.Build.0 = Debug|x64
		{5CBF6E30-9665-48AE-A848-B58E3F71B71F}.Debug|x86.ActiveCfg = Debug|Win32
		{5CBF6E30-9665-48AE-A848-B58E3F71B71F}.Debug|x86.Build.0 = Debug|Win32
		{5CBF6E30-9665-48AE-A848-B58E3F71B71F}.Release|x64.ActiveCfg = Release|x64
		{5CBF6E30-9665-48AE-A848-B58E3F71B71F}.Release|x64.Build.0 = Release|x64
		{5CBF6E30-9665-48AE-A848-B58E3F71B71F}.Release|x86.ActiveCfg = Release|Win32
		{5CBF6E30-9665-48AE-A848-B58E3F71B71F}.Release|x86.Build.0 = Release|Win32
		{32009806-194A-467E-B92C-C92C76A220A7}.Debug|x64.ActiveCfg = Debug|x64
		{32009806-194A-467E-B92C-C92C76A220A7}.Debug|x64.Build.0 = Debug|x64
		{32009806-194A-467E-B92C-C92C76A220A7}.Debug|x86.ActiveCfg = Debug|Win32
		{32009806-194A-467E-B92C-C92C76A220A7}.Debug|x86.Build.0 = Debug|Win32
		{32009806-194A-467E-B92C-C92C76A220A7}.Release|x64.ActiveCfg = Release|x64
		{32009806-194A-467E-B92C-C92C76A220A7}.Release|x64.Build.0 = Release|x64
		{32009806-194A-467E-B92C-C92C76A220A7}.Release|x86.ActiveCfg = Release|Win32
		{32009806-194A-467E-B92C-C92C76A220A7}.Release|x86.Build.0 = Release|Win32
		{D6D290C7-2423-4F87-89C8-79E5CB7EB243}.Debug|x64.ActiveCfg = Debug|x64
		{D6D290C7-2423-4F87-89C8-79E5CB7EB243}.Debug|x64.Build.0 = Debug|x64
		{D6D290C7-2423-4F87-89C8-79E5CB7EB243}.Debug|x86.ActiveCfg = Debug|Win32
		{D6D290C7-2423-4F87-89C8-79E5CB7EB243}.Debug|x86.Build.0 = Debug|Win32
		{D6D290C7-2423-4F87-89C8-79E5CB7EB243}.Release|x64.ActiveCfg = Release|x64
		{D6D290C7-2423-4F87-89C8-79E5CB7EB243}.Release|x64.Build.0 = Release|x64
		{D6D290C7-2423-4F87-89C8-79E5CB7EB243}.Release|x86.ActiveCfg = Release|Win32
		{D6D290C7-2423-4F87-89C8-79E5CB7EB243}.Release|x86.Build.0 = Release|Win32
		{7C6B9EA1-59A4-4A9F-9E21-FE217B1AC492}.Debug|x64.ActiveCfg = Debug|x64
		{7C6B9EA1-59A4-4A9F-9E21-FE217B1AC492}.Debug|x64.Build.0 = Debug|x64
		{7C6B9EA1-59A4-4A9F-9E21-FE217B1AC492}.Debug|x86.ActiveCfg = Debug|Win32
		{7C6B9EA1-59A4-4A9F-9E21-FE217B1AC492}.Debug|x86.Build.0 = Debug|Win32
		{7C6B9EA1-59A4-4A9F-9E21-FE217B1AC492}.Release|x64.ActiveCfg = Release|x64
		{7C6B9EA1-59A4-4A9F-9E21-FE217B1AC492}.Release|x64.Build.0 = Release|x64
		{7C6B9EA1-59A4-4A9F-9E21-FE217B1AC492}.Release|x86.ActiveCfg = Release|Win32
		{7C6B9EA1-59A4-4A9F-9E21-FE217B1AC492}.Release|x86.Build.0 = Release|Win32
		{A73BCBDD-BB34-49C7-ADC5-76858A12D3FB}.Debug|x64.ActiveCfg = Debug|x64
		{A73BCBDD-BB34-49C7-ADC5-76858A12D3FB}.Debug|x64.Build.0 = Debug|x64
		{A73BCBDD-BB34-49C7-ADC5-76858A12D3FB}.Debug|x86.ActiveCfg = Debug|Win32
		{A73BCBDD-BB34-49C7-ADC5-76858A12D3FB}.Debug|x86.Build.0 = Debug|Win32
		{A73BCBDD-BB34-49C7-ADC5-76858A12D3FB}.Release|x64.ActiveCfg = Release|x64
		{A73BCBDD-BB34-49C7-ADC5-76858A12D3FB}.Release|x64.Build.0 = Release|x64
		{A73BCBDD-BB34-49C7-ADC5-76858A12D3FB}.Release|x86.ActiveCfg = Release|Win32
		{A73BCBDD-BB34-49C7-ADC5-76858A12D3FB}.Release|x86.Build.0 = Release|Win32
		{8CFCCB98-683C-4CBE-9156-96F1510E8069}.Debug|x64.ActiveCfg = Debug|x64
		{8CFCCB98-683C-4CBE-9156-96F1510E8069}.Debug|x64.Build.0 = Debug|x64
		{8CFCCB98-683C-4CBE-9156-96F1510E8069}.Debug|x86.ActiveCfg = Debug|Win32
		{8CFCCB98-683C-4CBE-9156-96F1510E8069}.Debug|x86.Build.0 = Debug|Win32
		{8CFCCB98-683C-4CBE-9156-96F1510E8069}.Release|x64.ActiveCfg = Release|x64
		{8CFCCB98-683C-4CBE-9156-96F1510E8069}.Release|x64.Build.0 = Release|x64
		{8CFCCB98-683C-4CBE-9156-96F1510E8069}.Release|x86.ActiveCfg = Release|Win32
		{8CFCCB98-683C-4CBE-9156-96F1510E8069}.Release|x86.Build.0 = Release|Win32
		{BE834A01-5DC1-4FEB-810C-58CC0485BC77}.Debug|x64.ActiveCfg = Debug|x64
		{BE834A01-5DC1-4FEB-810C-58CC0485BC77}.Debug|x64.Build.0 = Debug|x64
		{BE834A01-5DC1-4FEB-810C-58CC0485BC77}.Debug|x86.ActiveCfg = Debug|Win32
		{BE834A01-5DC1-4FEB-810C-58CC0485BC77}.Debug|x86.Build.0 = Debug|Win32
		{BE834A01-5DC1-4FEB-810C-58CC0485BC77}.Release|x64.ActiveCfg = Release|x64
		{BE834A01-5DC1-4FEB-810C-58CC0485BC77}.Release|x64.Build.0 = Release|x64
		{BE834A01-5DC1-4FEB-810C-58CC0485BC77}.Release|x86.ActiveCfg = Release|Win32
		{BE834A01-5DC1-4FEB-810C-58CC0485BC77}.Release|x86.Build.0 = Release|Win32
		{97229320-A178-461E-9E42-AD3E93E9863B}.Debug|x64.ActiveCfg = Debug|x64
		{97229320-A178-461E-9E42-AD3E93E9863B}.Debug|x64.Build.0 = Debug|x64
		{97229320-A178-461E-9E42-AD3E93E9863B}.Debug|x86.ActiveCfg = Debug|Win32
		{97229320-A178-461E-9E42-AD3E93E9863B}.Debug|x86.Build.0 = Debug|Win32
		{97229320-A178-461E-9E42-AD3E93E9863B}.Release|x64.ActiveCfg = Release|x64
		{97229320-A178-461E-9E42-AD3E93E9863B}.Release|x64.Build.0 = Release|x64
		{97229320-A178-461E-9E42-AD3E93E9863B}.Release|x86.ActiveCfg = Release|Win32
		{97229320-A178-461E-9E42-AD3E93E9863B}.Release|x86.Build.0 = Release|Win32
		{CCB7D313-FAA2-49A6-AB17-A354DA2A2FC6}.Debug|x64.ActiveCfg = Debug|x64
		{CCB7D313-FAA2-49A6-AB17-A354DA2A2FC6}.Debug|x64.Build.0 = Debug|x64
		{CCB7D313-FAA2-49A6-AB17-A354DA2A2FC6}.Debug|x86.ActiveCfg = Debug|Win32
		{CCB7D313-FAA2-49A6-AB17-A354DA2A2FC6}.Debug|x86.Build.0 = Debug|Win32
		{CCB7D313-FAA2-49A6-AB17-A354DA2A2FC6}.Release|x64.ActiveCfg = Release|x64
		{CCB7D313-FAA2-49A6-AB17-A354DA2A2FC6}.Release|x64.Build.0 = Release|x64
		{CCB7D313-FAA2-49A6-AB17-A354DA2A2FC6}.Release|x86.ActiveCfg = Release|Win32
		{CCB7D313-FAA2-49A6-AB17-A354DA2A2FC6}.Release|x86.Build.0 = Release|Win32
		{765191CF-BA96-4A26-AE92-F1BBA02FE5E6}.Debug|x64.ActiveCfg = Debug|x64
		{765191CF-BA96-4A26-AE92-F1BBA02FE5E6}.Debug|x64.Build.0 = Debug|x64
		{765191CF-BA96-4A26-AE92-F1BBA02FE5E6}.Debug|x86.ActiveCfg = Debug|Win32
		{765191CF-BA96-4A26-AE92-F1BBA02FE5E6}.Debug|x86.Build.0 = Debug|Win32
		{765191CF-BA96-4A26-AE92-F1BBA02FE5E6}.Release|x64.ActiveCfg = Release|x64
		{765191CF-BA96-4A26-AE92-F1BBA02FE5E6}.Release|x64.Build.0 = Release|x64
		{765191CF-BA96-4A26-AE92-F1BBA02FE5E6}.Release|x86.ActiveCfg = Release|Win32
		{765191CF-BA96-4A26-AE92-F1BBA02FE5E6}.Release|x86.Build.0 = Release|Win32
		{A4749803-3DB6-4C8A-87D2-004551980ED7}.Debug|x64.ActiveCfg = Debug|x64
		{A4749803-3DB6-4C8A-87D2-004551980ED7}.Debug|x64.Build.0 = Debug|x64
		{A4749803-3DB6-4C8A-87D2-004551980ED7}.Debug|x86.ActiveCfg = Debug|Win32
		{A4749803-3DB6-4C8A-87D2-004551980ED7}.Debug|x86.Build.0 = Debug|Win32
		{A4749803-3DB6-4C8A-87D2-004551980ED7}.Release|x64.ActiveCfg = Release|x64
		{A4749803-3DB6-4C8A-87D2-004551980ED7}.Release|x64.Build.0 = Release|x64
		{A4749803-3DB6-4C8A-87D2-004551980ED7}.Release|x86.ActiveCfg = Release|Win32
		{A4749803-3DB6-4C8A-87D2-004551980ED7}.Release|x86.Build.0 = Release|Win32
		{86B94C70-BE37-4D79-9954-2E2700A0226E}.Debug|x64.ActiveCfg = Debug|x64
		{86B94C70-BE37-4D79-9954-2E2700A0226E}.Debug|x64.Build.0 = Debug|x64
		{86B94C70-BE37-4D79-9954-2E2700A0226E}.Debug|x86.ActiveCfg = Debug|Win32
		{86B94C70-BE37-4D79-9954-2E2700A0226E}.Debug|x86.Build.0 = Debug|Win32
		{86B94C70-BE37-4D79-9954-2E2700A0226E}.Release|x64.ActiveCfg = Release|x64
		{86B94C70-BE37-4D79-9954-2E2700A0226E}.Release|x64.Build.0 = Release|x64
		{86B94C70-BE37-4D79-9954-2E2700A0226E}.Release|x86.ActiveCfg = Release|Win32
		{86B94C70-BE37-4D79-9954-2E2700A0226E}.Release|x86.Build.0 = Release|Win32
	EndGlobalSection
	GlobalSection(SolutionProperties) = preSolution
		HideSolutionNode = FALSE
	EndGlobalSection
	GlobalSection(NestedProjects) = preSolution
		{160F22E2-F26E-46DB-92AD-61CFCF3BAA0F} = {41381B86-13CA-4999-BB38-8B082734ED2D}
		{F06B4127-92BB-4518-ACE6-5A08CAA278FA} = {41381B86-13CA-4999-BB38-8B082734ED2D}
		{2BFDD093-D5C3-4B2F-8075-3ACC10F0A0D7} = {160F22E2-F26E-46DB-92AD-61CFCF3BAA0F}
		{A0EED977-2959-4B15-9C60-7B83900D9B8B} = {160F22E2-F26E-46DB-92AD-61CFCF3BAA0F}
		{9C46E2A0-4B3D-4CAD-A64F-540D7F1D93F6} = {160F22E2-F26E-46DB-92AD-61CFCF3BAA0F}
		{7535D7A7-1E7E-4C9F-8284-D1E4D6DC48ED} = {160F22E2-F26E-46DB-92AD-61CFCF3BAA0F}
		{47FCD520-3C29-46C4-B57D-C9F94D563319} = {3EC8A4BB-B8A5-408C-BF63-6DF431512CB9}
		{0CAC514D-1E94-4884-971A-2F2893692E05} = {F06B4127-92BB-4518-ACE6-5A08CAA278FA}
		{05472B2D-C1AC-4024-BB8D-6DD68187D246} = {F06B4127-92BB-4518-ACE6-5A08CAA278FA}
		{60D5F354-6F66-4D4B-B9B2-DC46CC86CDD9} = {F06B4127-92BB-4518-ACE6-5A08CAA278FA}
		{63CBDE00-E29C-4AA7-AF74-C2933C3785BE} = {F06B4127-92BB-4518-ACE6-5A08CAA278FA}
		{8EB9097D-FD9B-49EC-A5B0-3FC2E845FDC9} = {41381B86-13CA-4999-BB38-8B082734ED2D}
		{53BABA20-F0C5-4E61-9C4A-A185959F32FC} = {8EB9097D-FD9B-49EC-A5B0-3FC2E845FDC9}
		{8757EE60-DF65-419D-8395-C7A08BE81779} = {8EB9097D-FD9B-49EC-A5B0-3FC2E845FDC9}
		{6351EF39-4978-4EAA-A2BF-8727238316E3} = {8EB9097D-FD9B-49EC-A5B0-3FC2E845FDC9}
		{84140FF2-8B35-40D3-A079-CCCC60075DF9} = {8EB9097D-FD9B-49EC-A5B0-3FC2E845FDC9}
		{0C6CD839-93FC-4896-BC3D-8ED0DC1EFD9B} = {41381B86-13CA-4999-BB38-8B082734ED2D}
		{401C2F40-6F03-4586-A865-C3CE57C1CBAB} = {0C6CD839-93FC-4896-BC3D-8ED0DC1EFD9B}
		{76846E00-60BD-4D27-975B-C7F82664A7B8} = {0C6CD839-93FC-4896-BC3D-8ED0DC1EFD9B}
		{487AFE1C-A0D4-4C8B-8CF2-6158BA93CE25} = {0C6CD839-93FC-4896-BC3D-8ED0DC1EFD9B}
		{009EED24-AEBE-4A5B-8BF8-553A9839A8F4} = {0C6CD839-93FC-4896-BC3D-8ED0DC1EFD9B}
		{663BC9BB-01D7-470B-9CA8-79C380FE5E58} = {41381B86-13CA-4999-BB38-8B082734ED2D}
		{582D3E72-4837-4B39-931F-040C86417E15} = {663BC9BB-01D7-470B-9CA8-79C380FE5E58}
		{958BC16A-5B85-42F2-9B9C-00C13DFA9A56} = {663BC9BB-01D7-470B-9CA8-79C380FE5E58}
		{B269B605-47ED-4B83-A334-422A8804D226} = {663BC9BB-01D7-470B-9CA8-79C380FE5E58}
		{88D9F981-D7C7-4C38-974F-99A62B4649F8} = {663BC9BB-01D7-470B-9CA8-79C380FE5E58}
		{41381B86-13CA-4999-BB38-8B082734ED2D} = {65769C0A-9298-4D04-9BCC-53E29719C91E}
		{3813C973-F6EF-4736-AC1B-A70E2DDD1665} = {65769C0A-9298-4D04-9BCC-53E29719C91E}
		{AA3F216B-6B1E-4B5D-BF2E-03356F663267} = {3813C973-F6EF-4736-AC1B-A70E2DDD1665}
		{145E01B6-195D-48BB-B8AF-C793B86F5515} = {AA3F216B-6B1E-4B5D-BF2E-03356F663267}
		{19DC5EC3-1532-40E3-AD4D-9EAE25DCF9B8} = {AA3F216B-6B1E-4B5D-BF2E-03356F663267}
		{0EA952E5-22F5-49B4-B325-B892B13D89AB} = {AA3F216B-6B1E-4B5D-BF2E-03356F663267}
		{617153BC-7866-4A63-8935-8337F5A4E592} = {AA3F216B-6B1E-4B5D-BF2E-03356F663267}
		{6789D212-F433-4B9F-BBF3-9A4F14BBBBDA} = {3813C973-F6EF-4736-AC1B-A70E2DDD1665}
		{9103C120-2EEB-44F1-A806-87969A4CAA43} = {6789D212-F433-4B9F-BBF3-9A4F14BBBBDA}
		{8C51F052-F487-4E82-84A6-E0636060C683} = {6789D212-F433-4B9F-BBF3-9A4F14BBBBDA}
		{B06C7CEA-790B-45C0-85A6-5907D250EEDB} = {6789D212-F433-4B9F-BBF3-9A4F14BBBBDA}
		{BE130113-AF59-4EF9-93AF-77145550172D} = {6789D212-F433-4B9F-BBF3-9A4F14BBBBDA}
		{F8B0EF94-7AE9-43E9-9E8C-7E46650A4906} = {3813C973-F6EF-4736-AC1B-A70E2DDD1665}
		{EA101E3A-310C-4BE2-9855-33DBA0FED45D} = {F8B0EF94-7AE9-43E9-9E8C-7E46650A4906}
		{5C3D118C-3D0D-4DB1-8776-E9EAEAB905B4} = {F8B0EF94-7AE9-43E9-9E8C-7E46650A4906}
		{1AC792EC-97C0-4019-B629-E153F79440B4} = {F8B0EF94-7AE9-43E9-9E8C-7E46650A4906}
		{F1565E99-6948-47C5-9B87-8A50E63E5142} = {F8B0EF94-7AE9-43E9-9E8C-7E46650A4906}
		{B7749BC0-7471-4DDD-8B91-02DB0624757C} = {65769C0A-9298-4D04-9BCC-53E29719C91E}
		{A63D028C-6443-4BA1-9550-257C442FA473} = {17ABA283-BA3B-4AF3-99FC-058CDA06C7FA}
		{186FCAE6-0ED2-40AE-8B05-4DF62CAD8430} = {17ABA283-BA3B-4AF3-99FC-058CDA06C7FA}
		{88F7C50B-9E25-430E-8E00-08158A350E9B} = {17ABA283-BA3B-4AF3-99FC-058CDA06C7FA}
		{27D0E8FB-CB87-45CC-BF86-BCAE1E9B9362} = {17ABA283-BA3B-4AF3-99FC-058CDA06C7FA}
		{441461A3-4793-4BB8-97D5-ECDED555F991} = {3813C973-F6EF-4736-AC1B-A70E2DDD1665}
		{C8C6508B-FBCB-41DC-8A31-D03313245D16} = {441461A3-4793-4BB8-97D5-ECDED555F991}
		{17ABA283-BA3B-4AF3-99FC-058CDA06C7FA} = {B7749BC0-7471-4DDD-8B91-02DB0624757C}
		{338103A0-F761-40D2-AB49-8F901E8CEF32} = {B7749BC0-7471-4DDD-8B91-02DB0624757C}
		{51CC8E03-EFE5-4A9D-B386-AB8F68650B8C} = {B7749BC0-7471-4DDD-8B91-02DB0624757C}
		{C2AFE0E3-54EB-4F5F-AD8C-D85BF846FC72} = {338103A0-F761-40D2-AB49-8F901E8CEF32}
		{DD102653-7872-437F-A745-BC5B7073B7FA} = {B7749BC0-7471-4DDD-8B91-02DB0624757C}
		{4511E6BF-52C4-4FCF-B0AF-865680ABB594} = {DD102653-7872-437F-A745-BC5B7073B7FA}
		{6465DADE-6A4C-49F0-9658-82659B3D4E87} = {DD102653-7872-437F-A745-BC5B7073B7FA}
		{0CCC80A2-8CA9-498F-9B00-A19B19C194CA} = {DD102653-7872-437F-A745-BC5B7073B7FA}
		{2B5AE277-6DD5-485E-B08E-013A62177439} = {65769C0A-9298-4D04-9BCC-53E29719C91E}
		{5476037A-A228-41C2-9539-B8C3DF3926CF} = {2B5AE277-6DD5-485E-B08E-013A62177439}
		{7C08291E-391E-4438-A92E-502616E06BB0} = {5476037A-A228-41C2-9539-B8C3DF3926CF}
		{E074091F-46F2-42EE-84A2-09DAEA302D7E} = {5476037A-A228-41C2-9539-B8C3DF3926CF}
		{B6BDF7B1-7001-463F-8C4D-0AF258195F6B} = {2B5AE277-6DD5-485E-B08E-013A62177439}
		{49023812-E14E-49C3-9302-FAB90B0EBB30} = {B6BDF7B1-7001-463F-8C4D-0AF258195F6B}
		{089AAF65-04A7-4EB0-8F54-ED4F6482C6E2} = {65769C0A-9298-4D04-9BCC-53E29719C91E}
		{04DDC087-BB80-4553-8A9B-40BAFEA3F501} = {089AAF65-04A7-4EB0-8F54-ED4F6482C6E2}
		{043234B4-463F-4260-9329-E8E537C71167} = {2B5AE277-6DD5-485E-B08E-013A62177439}
		{97D7916E-7E71-49C9-A344-04039F9647A3} = {043234B4-463F-4260-9329-E8E537C71167}
		{06A1C6F2-931B-4073-8C60-F5BB38E56001} = {043234B4-463F-4260-9329-E8E537C71167}
		{529F1AE7-5AC1-45B6-9C58-ABF21F88D199} = {089AAF65-04A7-4EB0-8F54-ED4F6482C6E2}
		{A5ABC7A6-8FE1-460F-834C-F483B15FC3CB} = {529F1AE7-5AC1-45B6-9C58-ABF21F88D199}
		{5CBF6E30-9665-48AE-A848-B58E3F71B71F} = {529F1AE7-5AC1-45B6-9C58-ABF21F88D199}
		{32009806-194A-467E-B92C-C92C76A220A7} = {529F1AE7-5AC1-45B6-9C58-ABF21F88D199}
		{D6D290C7-2423-4F87-89C8-79E5CB7EB243} = {529F1AE7-5AC1-45B6-9C58-ABF21F88D199}
		{7C6B9EA1-59A4-4A9F-9E21-FE217B1AC492} = {529F1AE7-5AC1-45B6-9C58-ABF21F88D199}
		{036E9DA4-DEAF-4D23-BAEB-1E21A902AC12} = {089AAF65-04A7-4EB0-8F54-ED4F6482C6E2}
		{A73BCBDD-BB34-49C7-ADC5-76858A12D3FB} = {036E9DA4-DEAF-4D23-BAEB-1E21A902AC12}
		{8CFCCB98-683C-4CBE-9156-96F1510E8069} = {036E9DA4-DEAF-4D23-BAEB-1E21A902AC12}
		{BE834A01-5DC1-4FEB-810C-58CC0485BC77} = {036E9DA4-DEAF-4D23-BAEB-1E21A902AC12}
		{97229320-A178-461E-9E42-AD3E93E9863B} = {036E9DA4-DEAF-4D23-BAEB-1E21A902AC12}
		{CCB7D313-FAA2-49A6-AB17-A354DA2A2FC6} = {036E9DA4-DEAF-4D23-BAEB-1E21A902AC12}
		{765191CF-BA96-4A26-AE92-F1BBA02FE5E6} = {036E9DA4-DEAF-4D23-BAEB-1E21A902AC12}
		{A4749803-3DB6-4C8A-87D2-004551980ED7} = {089AAF65-04A7-4EB0-8F54-ED4F6482C6E2}
		{425CB1A8-0025-4A60-92D4-D00D0119B657} = {65769C0A-9298-4D04-9BCC-53E29719C91E}
		{86B94C70-BE37-4D79-9954-2E2700A0226E} = {425CB1A8-0025-4A60-92D4-D00D0119B657}
	EndGlobalSection
	GlobalSection(ExtensibilityGlobals) = postSolution
		SolutionGuid = {2E611C78-3BB1-46FA-8771-162FB71D7841}
	EndGlobalSection
EndGlobal
