
Microsoft Visual Studio Solution File, Format Version 12.00
# Visual Studio Version 17
VisualStudioVersion = 17.9.34714.143
MinimumVisualStudioVersion = 10.0.40219.1
Project("{2150E333-8FDC-42A3-9474-1A3956D46DE8}") = "1. Programmers", "1. Programmers", "{65769C0A-9298-4D04-9BCC-53E29719C91E}"
EndProject
Project("{2150E333-8FDC-42A3-9474-1A3956D46DE8}") = "2024.07_1Week", "2024.07_1Week", "{160F22E2-F26E-46DB-92AD-61CFCF3BAA0F}"
EndProject
Project("{2150E333-8FDC-42A3-9474-1A3956D46DE8}") = "2024.07_2Week", "2024.07_2Week", "{F06B4127-92BB-4518-ACE6-5A08CAA278FA}"
EndProject
Project("{8BC9CEB8-8B4A-11D0-8D11-00A0C91BC942}") = "12977", "12977\12977.vcxproj", "{2BFDD093-D5C3-4B2F-8075-3ACC10F0A0D7}"
EndProject
Project("{8BC9CEB8-8B4A-11D0-8D11-00A0C91BC942}") = "131128", "131128\131128.vcxproj", "{A0EED977-2959-4B15-9C60-7B83900D9B8B}"
EndProject
Project("{8BC9CEB8-8B4A-11D0-8D11-00A0C91BC942}") = "136789", "136789\136789.vcxproj", "{9C46E2A0-4B3D-4CAD-A64F-540D7F1D93F6}"
EndProject
Project("{8BC9CEB8-8B4A-11D0-8D11-00A0C91BC942}") = "155652", "155652\155652.vcxproj", "{7535D7A7-1E7E-4C9F-8284-D1E4D6DC48ED}"
EndProject
Project("{2150E333-8FDC-42A3-9474-1A3956D46DE8}") = "Timer", "Timer", "{3EC8A4BB-B8A5-408C-BF63-6DF431512CB9}"
EndProject
Project("{8BC9CEB8-8B4A-11D0-8D11-00A0C91BC942}") = "Timer", "Timer\Timer.vcxproj", "{47FCD520-3C29-46C4-B57D-C9F94D563319}"
	ProjectSection(ProjectDependencies) = postProject
		{2BFDD093-D5C3-4B2F-8075-3ACC10F0A0D7} = {2BFDD093-D5C3-4B2F-8075-3ACC10F0A0D7}
		{7535D7A7-1E7E-4C9F-8284-D1E4D6DC48ED} = {7535D7A7-1E7E-4C9F-8284-D1E4D6DC48ED}
		{9C46E2A0-4B3D-4CAD-A64F-540D7F1D93F6} = {9C46E2A0-4B3D-4CAD-A64F-540D7F1D93F6}
		{A0EED977-2959-4B15-9C60-7B83900D9B8B} = {A0EED977-2959-4B15-9C60-7B83900D9B8B}
	EndProjectSection
EndProject
Project("{8BC9CEB8-8B4A-11D0-8D11-00A0C91BC942}") = "178871", "178871\178871.vcxproj", "{0CAC514D-1E94-4884-971A-2F2893692E05}"
EndProject
Global
	GlobalSection(SolutionConfigurationPlatforms) = preSolution
		Debug|x64 = Debug|x64
		Debug|x86 = Debug|x86
		Release|x64 = Release|x64
		Release|x86 = Release|x86
	EndGlobalSection
	GlobalSection(ProjectConfigurationPlatforms) = postSolution
		{2BFDD093-D5C3-4B2F-8075-3ACC10F0A0D7}.Debug|x64.ActiveCfg = Debug|x64
		{2BFDD093-D5C3-4B2F-8075-3ACC10F0A0D7}.Debug|x64.Build.0 = Debug|x64
		{2BFDD093-D5C3-4B2F-8075-3ACC10F0A0D7}.Debug|x86.ActiveCfg = Debug|Win32
		{2BFDD093-D5C3-4B2F-8075-3ACC10F0A0D7}.Debug|x86.Build.0 = Debug|Win32
		{2BFDD093-D5C3-4B2F-8075-3ACC10F0A0D7}.Release|x64.ActiveCfg = Release|x64
		{2BFDD093-D5C3-4B2F-8075-3ACC10F0A0D7}.Release|x64.Build.0 = Release|x64
		{2BFDD093-D5C3-4B2F-8075-3ACC10F0A0D7}.Release|x86.ActiveCfg = Release|Win32
		{2BFDD093-D5C3-4B2F-8075-3ACC10F0A0D7}.Release|x86.Build.0 = Release|Win32
		{A0EED977-2959-4B15-9C60-7B83900D9B8B}.Debug|x64.ActiveCfg = Debug|x64
		{A0EED977-2959-4B15-9C60-7B83900D9B8B}.Debug|x64.Build.0 = Debug|x64
		{A0EED977-2959-4B15-9C60-7B83900D9B8B}.Debug|x86.ActiveCfg = Debug|Win32
		{A0EED977-2959-4B15-9C60-7B83900D9B8B}.Debug|x86.Build.0 = Debug|Win32
		{A0EED977-2959-4B15-9C60-7B83900D9B8B}.Release|x64.ActiveCfg = Release|x64
		{A0EED977-2959-4B15-9C60-7B83900D9B8B}.Release|x64.Build.0 = Release|x64
		{A0EED977-2959-4B15-9C60-7B83900D9B8B}.Release|x86.ActiveCfg = Release|Win32
		{A0EED977-2959-4B15-9C60-7B83900D9B8B}.Release|x86.Build.0 = Release|Win32
		{9C46E2A0-4B3D-4CAD-A64F-540D7F1D93F6}.Debug|x64.ActiveCfg = Debug|x64
		{9C46E2A0-4B3D-4CAD-A64F-540D7F1D93F6}.Debug|x64.Build.0 = Debug|x64
		{9C46E2A0-4B3D-4CAD-A64F-540D7F1D93F6}.Debug|x86.ActiveCfg = Debug|Win32
		{9C46E2A0-4B3D-4CAD-A64F-540D7F1D93F6}.Debug|x86.Build.0 = Debug|Win32
		{9C46E2A0-4B3D-4CAD-A64F-540D7F1D93F6}.Release|x64.ActiveCfg = Release|x64
		{9C46E2A0-4B3D-4CAD-A64F-540D7F1D93F6}.Release|x64.Build.0 = Release|x64
		{9C46E2A0-4B3D-4CAD-A64F-540D7F1D93F6}.Release|x86.ActiveCfg = Release|Win32
		{9C46E2A0-4B3D-4CAD-A64F-540D7F1D93F6}.Release|x86.Build.0 = Release|Win32
		{7535D7A7-1E7E-4C9F-8284-D1E4D6DC48ED}.Debug|x64.ActiveCfg = Debug|x64
		{7535D7A7-1E7E-4C9F-8284-D1E4D6DC48ED}.Debug|x64.Build.0 = Debug|x64
		{7535D7A7-1E7E-4C9F-8284-D1E4D6DC48ED}.Debug|x86.ActiveCfg = Debug|Win32
		{7535D7A7-1E7E-4C9F-8284-D1E4D6DC48ED}.Debug|x86.Build.0 = Debug|Win32
		{7535D7A7-1E7E-4C9F-8284-D1E4D6DC48ED}.Release|x64.ActiveCfg = Release|x64
		{7535D7A7-1E7E-4C9F-8284-D1E4D6DC48ED}.Release|x64.Build.0 = Release|x64
		{7535D7A7-1E7E-4C9F-8284-D1E4D6DC48ED}.Release|x86.ActiveCfg = Release|Win32
		{7535D7A7-1E7E-4C9F-8284-D1E4D6DC48ED}.Release|x86.Build.0 = Release|Win32
		{47FCD520-3C29-46C4-B57D-C9F94D563319}.Debug|x64.ActiveCfg = Debug|x64
		{47FCD520-3C29-46C4-B57D-C9F94D563319}.Debug|x64.Build.0 = Debug|x64
		{47FCD520-3C29-46C4-B57D-C9F94D563319}.Debug|x86.ActiveCfg = Debug|Win32
		{47FCD520-3C29-46C4-B57D-C9F94D563319}.Debug|x86.Build.0 = Debug|Win32
		{47FCD520-3C29-46C4-B57D-C9F94D563319}.Release|x64.ActiveCfg = Release|x64
		{47FCD520-3C29-46C4-B57D-C9F94D563319}.Release|x64.Build.0 = Release|x64
		{47FCD520-3C29-46C4-B57D-C9F94D563319}.Release|x86.ActiveCfg = Release|Win32
		{47FCD520-3C29-46C4-B57D-C9F94D563319}.Release|x86.Build.0 = Release|Win32
		{0CAC514D-1E94-4884-971A-2F2893692E05}.Debug|x64.ActiveCfg = Debug|x64
		{0CAC514D-1E94-4884-971A-2F2893692E05}.Debug|x64.Build.0 = Debug|x64
		{0CAC514D-1E94-4884-971A-2F2893692E05}.Debug|x86.ActiveCfg = Debug|Win32
		{0CAC514D-1E94-4884-971A-2F2893692E05}.Debug|x86.Build.0 = Debug|Win32
		{0CAC514D-1E94-4884-971A-2F2893692E05}.Release|x64.ActiveCfg = Release|x64
		{0CAC514D-1E94-4884-971A-2F2893692E05}.Release|x64.Build.0 = Release|x64
		{0CAC514D-1E94-4884-971A-2F2893692E05}.Release|x86.ActiveCfg = Release|Win32
		{0CAC514D-1E94-4884-971A-2F2893692E05}.Release|x86.Build.0 = Release|Win32
	EndGlobalSection
	GlobalSection(SolutionProperties) = preSolution
		HideSolutionNode = FALSE
	EndGlobalSection
	GlobalSection(NestedProjects) = preSolution
		{160F22E2-F26E-46DB-92AD-61CFCF3BAA0F} = {65769C0A-9298-4D04-9BCC-53E29719C91E}
		{F06B4127-92BB-4518-ACE6-5A08CAA278FA} = {65769C0A-9298-4D04-9BCC-53E29719C91E}
		{2BFDD093-D5C3-4B2F-8075-3ACC10F0A0D7} = {160F22E2-F26E-46DB-92AD-61CFCF3BAA0F}
		{A0EED977-2959-4B15-9C60-7B83900D9B8B} = {160F22E2-F26E-46DB-92AD-61CFCF3BAA0F}
		{9C46E2A0-4B3D-4CAD-A64F-540D7F1D93F6} = {160F22E2-F26E-46DB-92AD-61CFCF3BAA0F}
		{7535D7A7-1E7E-4C9F-8284-D1E4D6DC48ED} = {160F22E2-F26E-46DB-92AD-61CFCF3BAA0F}
		{47FCD520-3C29-46C4-B57D-C9F94D563319} = {3EC8A4BB-B8A5-408C-BF63-6DF431512CB9}
		{0CAC514D-1E94-4884-971A-2F2893692E05} = {F06B4127-92BB-4518-ACE6-5A08CAA278FA}
	EndGlobalSection
	GlobalSection(ExtensibilityGlobals) = postSolution
		SolutionGuid = {2E611C78-3BB1-46FA-8771-162FB71D7841}
	EndGlobalSection
EndGlobal
